PODS:
  - ComponentKit (0.13)
  - ComponentKitTestLib (0.13)
  - ComponentSnapshotTestCase (0.13):
    - FBSnapshotTestCase/Core (~> 2.0.4)
  - FBSnapshotTestCase/Core (2.0.4)
  - OCMock (2.2.4)

DEPENDENCIES:
  - ComponentKit (from `.`)
  - ComponentKitTestLib (from `./ComponentKitTestLib`)
  - ComponentSnapshotTestCase (from `./ComponentSnapshotTestCase`)
  - OCMock (~> 2.2)

EXTERNAL SOURCES:
  ComponentKit:
    :path: .
  ComponentKitTestLib:
    :path: ./ComponentKitTestLib
  ComponentSnapshotTestCase:
    :path: ./ComponentSnapshotTestCase

SPEC CHECKSUMS:
  ComponentKit: b79a11f258ef71c44e3be976e4929c6eb4144c58
  ComponentKitTestLib: df0db542b6605ba88e18cba63dd59d9ccc5966fd
  ComponentSnapshotTestCase: cce245e91f4cf10369c18ae8438927ff6ca0d146
  FBSnapshotTestCase: d94cf34841c9e77390e29009e8e2713479d48753
  OCMock: a6a7dc0e3997fb9f35d99f72528698ebf60d64f2

COCOAPODS: 0.38.2
