PODS:
  - ComponentKit (0.14)
  - ComponentKitTestLib (0.14)
  - ComponentSnapshotTestCase (0.14):
    - FBSnapshotTestCase/Core (~> 2.0.4)
  - FBSnapshotTestCase/Core (2.0.4)
  - OCMock (2.2.4)

DEPENDENCIES:
  - ComponentKit (from `.`)
  - ComponentKitTestLib (from `./ComponentKitTestLib`)
  - ComponentSnapshotTestCase (from `./ComponentSnapshotTestCase`)
  - OCMock (~> 2.2)

EXTERNAL SOURCES:
  ComponentKit:
    :path: .
  ComponentKitTestLib:
    :path: ./ComponentKitTestLib
  ComponentSnapshotTestCase:
    :path: ./ComponentSnapshotTestCase

SPEC CHECKSUMS:
  ComponentKit: 11d9177b5e9940c456e7486d8f5a25c26d9ca5f2
  ComponentKitTestLib: 4f031eded16e4444e53fefc44428662e9f00d2bd
  ComponentSnapshotTestCase: e6c2bd68ff245f2a9cc4a7fbb04907f0097d185d
  FBSnapshotTestCase: d94cf34841c9e77390e29009e8e2713479d48753
  OCMock: a6a7dc0e3997fb9f35d99f72528698ebf60d64f2

COCOAPODS: 0.38.2
