<?xml version="1.0" encoding="UTF-8"?>
<!DOCTYPE plist PUBLIC "-//Apple//DTD PLIST 1.0//EN" "http://www.apple.com/DTDs/PropertyList-1.0.dtd">
<plist version="1.0">
<dict>
	<key>archiveVersion</key>
	<string>1</string>
	<key>classes</key>
	<dict/>
	<key>objectVersion</key>
	<string>46</string>
	<key>objects</key>
	<dict>
		<key>0C293C2FE4684CADAB27CA9D</key>
		<dict>
			<key>fileRef</key>
			<string>BD8D95429A0D918C06B66E5F</string>
			<key>isa</key>
			<string>PBXBuildFile</string>
		</dict>
		<key>1309618AA66D2FF358E9D3CC</key>
		<dict>
			<key>buildActionMask</key>
			<string>2147483647</string>
			<key>files</key>
			<array/>
			<key>inputPaths</key>
			<array/>
			<key>isa</key>
			<string>PBXShellScriptBuildPhase</string>
			<key>name</key>
			<string>Copy Pods Resources</string>
			<key>outputPaths</key>
			<array/>
			<key>runOnlyForDeploymentPostprocessing</key>
			<string>0</string>
			<key>shellPath</key>
			<string>/bin/sh</string>
			<key>shellScript</key>
			<string>"${SRCROOT}/Pods/Target Support Files/Pods/Pods-resources.sh"
</string>
			<key>showEnvVarsInLog</key>
			<string>0</string>
		</dict>
		<key>18644AE01B3CB8E60028AF87</key>
		<dict>
			<key>children</key>
			<array>
				<string>18644AE31B3CB8E60028AF87</string>
				<string>18644AE11B3CB8E60028AF87</string>
				<string>18644AE21B3CB8E60028AF87</string>
				<string>18644AE41B3CB8E60028AF87</string>
			</array>
			<key>isa</key>
			<string>PBXGroup</string>
			<key>path</key>
			<string>StatefulViews</string>
			<key>sourceTree</key>
			<string>&lt;group&gt;</string>
		</dict>
		<key>18644AE11B3CB8E60028AF87</key>
		<dict>
			<key>fileEncoding</key>
			<string>4</string>
			<key>isa</key>
			<string>PBXFileReference</string>
			<key>lastKnownFileType</key>
			<string>sourcecode.cpp.objcpp</string>
			<key>path</key>
			<string>CKStatefulViewComponentControllerTests.mm</string>
			<key>sourceTree</key>
			<string>&lt;group&gt;</string>
		</dict>
		<key>18644AE21B3CB8E60028AF87</key>
		<dict>
			<key>fileEncoding</key>
			<string>4</string>
			<key>isa</key>
			<string>PBXFileReference</string>
			<key>lastKnownFileType</key>
			<string>sourcecode.cpp.objcpp</string>
			<key>path</key>
			<string>CKStatefulViewReusePoolTests.mm</string>
			<key>sourceTree</key>
			<string>&lt;group&gt;</string>
		</dict>
		<key>18644AE31B3CB8E60028AF87</key>
		<dict>
			<key>fileEncoding</key>
			<string>4</string>
			<key>isa</key>
			<string>PBXFileReference</string>
			<key>lastKnownFileType</key>
			<string>sourcecode.c.h</string>
			<key>path</key>
			<string>CKTestStatefulViewComponent.h</string>
			<key>sourceTree</key>
			<string>&lt;group&gt;</string>
		</dict>
		<key>18644AE41B3CB8E60028AF87</key>
		<dict>
			<key>fileEncoding</key>
			<string>4</string>
			<key>isa</key>
			<string>PBXFileReference</string>
			<key>lastKnownFileType</key>
			<string>sourcecode.cpp.objcpp</string>
			<key>path</key>
			<string>CKTestStatefulViewComponent.mm</string>
			<key>sourceTree</key>
			<string>&lt;group&gt;</string>
		</dict>
		<key>18644AE51B3CB8E60028AF87</key>
		<dict>
			<key>fileRef</key>
			<string>18644AE11B3CB8E60028AF87</string>
			<key>isa</key>
			<string>PBXBuildFile</string>
		</dict>
		<key>18644AE61B3CB8E60028AF87</key>
		<dict>
			<key>fileRef</key>
			<string>18644AE21B3CB8E60028AF87</string>
			<key>isa</key>
			<string>PBXBuildFile</string>
		</dict>
		<key>18644AE71B3CB8E60028AF87</key>
		<dict>
			<key>fileRef</key>
			<string>18644AE41B3CB8E60028AF87</string>
			<key>isa</key>
			<string>PBXBuildFile</string>
		</dict>
		<key>1C6B63D6DD0E66E0C1D447F6</key>
		<dict>
			<key>buildActionMask</key>
			<string>2147483647</string>
			<key>files</key>
			<array/>
			<key>inputPaths</key>
			<array/>
			<key>isa</key>
			<string>PBXShellScriptBuildPhase</string>
			<key>name</key>
			<string>Check Pods Manifest.lock</string>
			<key>outputPaths</key>
			<array/>
			<key>runOnlyForDeploymentPostprocessing</key>
			<string>0</string>
			<key>shellPath</key>
			<string>/bin/sh</string>
			<key>shellScript</key>
			<string>diff "${PODS_ROOT}/../Podfile.lock" "${PODS_ROOT}/Manifest.lock" &gt; /dev/null
if [[ $? != 0 ]] ; then
    cat &lt;&lt; EOM
error: The sandbox is not in sync with the Podfile.lock. Run 'pod install' or update your CocoaPods installation.
EOM
    exit 1
fi
</string>
			<key>showEnvVarsInLog</key>
			<string>0</string>
		</dict>
		<key>31EBF255C3C6127E5A3619D8</key>
		<dict>
			<key>fileRef</key>
			<string>BD8D95429A0D918C06B66E5F</string>
			<key>isa</key>
			<string>PBXBuildFile</string>
		</dict>
		<key>39B090BE1B71645600A5470B</key>
		<dict>
			<key>fileEncoding</key>
			<string>4</string>
			<key>isa</key>
			<string>PBXFileReference</string>
			<key>lastKnownFileType</key>
			<string>sourcecode.cpp.objcpp</string>
			<key>path</key>
			<string>CKComponentDataSourceAttachControllerTests.mm</string>
			<key>sourceTree</key>
			<string>&lt;group&gt;</string>
		</dict>
		<key>39B090BF1B71645600A5470B</key>
		<dict>
			<key>fileRef</key>
			<string>39B090BE1B71645600A5470B</string>
			<key>isa</key>
			<string>PBXBuildFile</string>
		</dict>
		<key>497824741BC570E000F29081</key>
		<dict>
			<key>fileEncoding</key>
			<string>4</string>
			<key>isa</key>
			<string>PBXFileReference</string>
			<key>lastKnownFileType</key>
			<string>sourcecode.cpp.objcpp</string>
			<key>path</key>
			<string>CKCollectionViewTransactionalDataSourceTests.mm</string>
			<key>sourceTree</key>
			<string>&lt;group&gt;</string>
		</dict>
		<key>497824751BC570E000F29081</key>
		<dict>
			<key>fileRef</key>
			<string>497824741BC570E000F29081</string>
			<key>isa</key>
			<string>PBXBuildFile</string>
			<key>settings</key>
			<dict>
				<key>ASSET_TAGS</key>
				<array/>
			</dict>
		</dict>
		<key>5F9B9EDB6FD2E2FDEC8F9EDC</key>
		<dict>
			<key>buildActionMask</key>
			<string>2147483647</string>
			<key>files</key>
			<array/>
			<key>inputPaths</key>
			<array/>
			<key>isa</key>
			<string>PBXShellScriptBuildPhase</string>
			<key>name</key>
			<string>Check Pods Manifest.lock</string>
			<key>outputPaths</key>
			<array/>
			<key>runOnlyForDeploymentPostprocessing</key>
			<string>0</string>
			<key>shellPath</key>
			<string>/bin/sh</string>
			<key>shellScript</key>
			<string>diff "${PODS_ROOT}/../Podfile.lock" "${PODS_ROOT}/Manifest.lock" &gt; /dev/null
if [[ $? != 0 ]] ; then
    cat &lt;&lt; EOM
error: The sandbox is not in sync with the Podfile.lock. Run 'pod install' or update your CocoaPods installation.
EOM
    exit 1
fi
</string>
			<key>showEnvVarsInLog</key>
			<string>0</string>
		</dict>
		<key>71F5A01FFD736AB56CFCFD58</key>
		<dict>
			<key>includeInIndex</key>
			<string>1</string>
			<key>isa</key>
			<string>PBXFileReference</string>
			<key>lastKnownFileType</key>
			<string>text.xcconfig</string>
			<key>name</key>
			<string>Pods.debug.xcconfig</string>
			<key>path</key>
			<string>Pods/Target Support Files/Pods/Pods.debug.xcconfig</string>
			<key>sourceTree</key>
			<string>&lt;group&gt;</string>
		</dict>
		<key>7683E4B5CB30052819FB3185</key>
		<dict>
			<key>children</key>
			<array>
				<string>BD8D95429A0D918C06B66E5F</string>
			</array>
			<key>isa</key>
			<string>PBXGroup</string>
			<key>name</key>
			<string>Frameworks</string>
			<key>sourceTree</key>
			<string>&lt;group&gt;</string>
		</dict>
		<key>83EBF589FB5C5611BC1A2D13</key>
		<dict>
			<key>fileRef</key>
			<string>BD8D95429A0D918C06B66E5F</string>
			<key>isa</key>
			<string>PBXBuildFile</string>
		</dict>
		<key>8AF2AE59B1F1750F1788000D</key>
		<dict>
			<key>buildActionMask</key>
			<string>2147483647</string>
			<key>files</key>
			<array/>
			<key>inputPaths</key>
			<array/>
			<key>isa</key>
			<string>PBXShellScriptBuildPhase</string>
			<key>name</key>
			<string>Check Pods Manifest.lock</string>
			<key>outputPaths</key>
			<array/>
			<key>runOnlyForDeploymentPostprocessing</key>
			<string>0</string>
			<key>shellPath</key>
			<string>/bin/sh</string>
			<key>shellScript</key>
			<string>diff "${PODS_ROOT}/../Podfile.lock" "${PODS_ROOT}/Manifest.lock" &gt; /dev/null
if [[ $? != 0 ]] ; then
    cat &lt;&lt; EOM
error: The sandbox is not in sync with the Podfile.lock. Run 'pod install' or update your CocoaPods installation.
EOM
    exit 1
fi
</string>
			<key>showEnvVarsInLog</key>
			<string>0</string>
		</dict>
		<key>991DE3401B3B308900AA05B2</key>
		<dict>
			<key>fileEncoding</key>
			<string>4</string>
			<key>isa</key>
			<string>PBXFileReference</string>
			<key>lastKnownFileType</key>
			<string>sourcecode.cpp.objcpp</string>
			<key>path</key>
			<string>CKComponentMemoizerTests.mm</string>
			<key>sourceTree</key>
			<string>&lt;group&gt;</string>
		</dict>
		<key>991DE3411B3B308900AA05B2</key>
		<dict>
			<key>fileRef</key>
			<string>991DE3401B3B308900AA05B2</string>
			<key>isa</key>
			<string>PBXBuildFile</string>
		</dict>
		<key>994EF6FA1B1FD77700E2236F</key>
		<dict>
			<key>fileEncoding</key>
			<string>4</string>
			<key>isa</key>
			<string>PBXFileReference</string>
			<key>lastKnownFileType</key>
			<string>sourcecode.cpp.objcpp</string>
			<key>path</key>
			<string>CKComponentDelegateAttributeTests.mm</string>
			<key>sourceTree</key>
			<string>&lt;group&gt;</string>
		</dict>
		<key>994EF6FB1B1FD77700E2236F</key>
		<dict>
			<key>fileRef</key>
			<string>994EF6FA1B1FD77700E2236F</string>
			<key>isa</key>
			<string>PBXBuildFile</string>
		</dict>
		<key>9C962002ACDACBC9F5C24BDE</key>
		<dict>
			<key>buildActionMask</key>
			<string>2147483647</string>
			<key>files</key>
			<array/>
			<key>inputPaths</key>
			<array/>
			<key>isa</key>
			<string>PBXShellScriptBuildPhase</string>
			<key>name</key>
			<string>Embed Pods Frameworks</string>
			<key>outputPaths</key>
			<array/>
			<key>runOnlyForDeploymentPostprocessing</key>
			<string>0</string>
			<key>shellPath</key>
			<string>/bin/sh</string>
			<key>shellScript</key>
			<string>"${SRCROOT}/Pods/Target Support Files/Pods/Pods-frameworks.sh"
</string>
			<key>showEnvVarsInLog</key>
			<string>0</string>
		</dict>
		<key>9EC07CBC8F809ACF3EC95132</key>
		<dict>
			<key>children</key>
			<array>
				<string>71F5A01FFD736AB56CFCFD58</string>
				<string>A6F27DD3FB8E2237F9C39DCE</string>
			</array>
			<key>isa</key>
			<string>PBXGroup</string>
			<key>name</key>
			<string>Pods</string>
			<key>sourceTree</key>
			<string>&lt;group&gt;</string>
		</dict>
		<key>9FD8ED47E23083622CCDECBA</key>
		<dict>
			<key>buildActionMask</key>
			<string>2147483647</string>
			<key>files</key>
			<array/>
			<key>inputPaths</key>
			<array/>
			<key>isa</key>
			<string>PBXShellScriptBuildPhase</string>
			<key>name</key>
			<string>Copy Pods Resources</string>
			<key>outputPaths</key>
			<array/>
			<key>runOnlyForDeploymentPostprocessing</key>
			<string>0</string>
			<key>shellPath</key>
			<string>/bin/sh</string>
			<key>shellScript</key>
			<string>"${SRCROOT}/Pods/Target Support Files/Pods/Pods-resources.sh"
</string>
			<key>showEnvVarsInLog</key>
			<string>0</string>
		</dict>
		<key>A2100E0C1AE9751500281861</key>
		<dict>
			<key>fileEncoding</key>
			<string>4</string>
			<key>isa</key>
			<string>PBXFileReference</string>
			<key>lastKnownFileType</key>
			<string>sourcecode.cpp.objcpp</string>
			<key>path</key>
			<string>CKTransactionalComponentDataSourceUpdateConfigurationModificationTests.mm</string>
			<key>sourceTree</key>
			<string>&lt;group&gt;</string>
		</dict>
		<key>A2100E0D1AE9751500281861</key>
		<dict>
			<key>fileRef</key>
			<string>A2100E0C1AE9751500281861</string>
			<key>isa</key>
			<string>PBXBuildFile</string>
		</dict>
		<key>A22FE3021AF2CEB000EC30B8</key>
		<dict>
			<key>fileEncoding</key>
			<string>4</string>
			<key>isa</key>
			<string>PBXFileReference</string>
			<key>lastKnownFileType</key>
			<string>sourcecode.cpp.objcpp</string>
			<key>path</key>
			<string>CKTransactionalComponentDataSourceStateUpdateTests.mm</string>
			<key>sourceTree</key>
			<string>&lt;group&gt;</string>
		</dict>
		<key>A22FE3031AF2CEB000EC30B8</key>
		<dict>
			<key>fileRef</key>
			<string>A22FE3021AF2CEB000EC30B8</string>
			<key>isa</key>
			<string>PBXBuildFile</string>
		</dict>
		<key>A22FE3041AF2CF0C00EC30B8</key>
		<dict>
			<key>fileEncoding</key>
			<string>4</string>
			<key>isa</key>
			<string>PBXFileReference</string>
			<key>lastKnownFileType</key>
			<string>sourcecode.c.h</string>
			<key>path</key>
			<string>CKStateExposingComponent.h</string>
			<key>sourceTree</key>
			<string>&lt;group&gt;</string>
		</dict>
		<key>A22FE3051AF2CF0C00EC30B8</key>
		<dict>
			<key>fileEncoding</key>
			<string>4</string>
			<key>isa</key>
			<string>PBXFileReference</string>
			<key>lastKnownFileType</key>
			<string>sourcecode.cpp.objcpp</string>
			<key>path</key>
			<string>CKStateExposingComponent.mm</string>
			<key>sourceTree</key>
			<string>&lt;group&gt;</string>
		</dict>
		<key>A22FE3061AF2CF0C00EC30B8</key>
		<dict>
			<key>fileRef</key>
			<string>A22FE3051AF2CF0C00EC30B8</string>
			<key>isa</key>
			<string>PBXBuildFile</string>
		</dict>
		<key>A241C6A41AFCFFDB00D4F661</key>
		<dict>
			<key>fileEncoding</key>
			<string>4</string>
			<key>isa</key>
			<string>PBXFileReference</string>
			<key>lastKnownFileType</key>
			<string>sourcecode.cpp.objcpp</string>
			<key>path</key>
			<string>CKComponentActionTests.mm</string>
			<key>sourceTree</key>
			<string>&lt;group&gt;</string>
		</dict>
		<key>A241C6A51AFCFFDB00D4F661</key>
		<dict>
			<key>fileRef</key>
			<string>A241C6A41AFCFFDB00D4F661</string>
			<key>isa</key>
			<string>PBXBuildFile</string>
		</dict>
		<key>A241C6A61AFD0A6800D4F661</key>
		<dict>
			<key>fileEncoding</key>
			<string>4</string>
			<key>isa</key>
			<string>PBXFileReference</string>
			<key>lastKnownFileType</key>
			<string>sourcecode.cpp.objcpp</string>
			<key>path</key>
			<string>CKComponentActionAttributeTests.mm</string>
			<key>sourceTree</key>
			<string>&lt;group&gt;</string>
		</dict>
		<key>A241C6A71AFD0A6800D4F661</key>
		<dict>
			<key>fileRef</key>
			<string>A241C6A61AFD0A6800D4F661</string>
			<key>isa</key>
			<string>PBXBuildFile</string>
		</dict>
		<key>A25C02D01AF0767700F4C864</key>
		<dict>
			<key>fileEncoding</key>
			<string>4</string>
			<key>isa</key>
			<string>PBXFileReference</string>
			<key>lastKnownFileType</key>
			<string>sourcecode.cpp.objcpp</string>
			<key>path</key>
			<string>CKTransactionalComponentDataSourceChangesetModificationTests.mm</string>
			<key>sourceTree</key>
			<string>&lt;group&gt;</string>
		</dict>
		<key>A25C02D11AF0767700F4C864</key>
		<dict>
			<key>fileRef</key>
			<string>A25C02D01AF0767700F4C864</string>
			<key>isa</key>
			<string>PBXBuildFile</string>
		</dict>
		<key>A27380161AFD144100E6F222</key>
		<dict>
			<key>buildActionMask</key>
			<string>2147483647</string>
			<key>files</key>
			<array>
				<string>A273801F1AFD144100E6F222</string>
			</array>
			<key>isa</key>
			<string>PBXSourcesBuildPhase</string>
			<key>runOnlyForDeploymentPostprocessing</key>
			<string>0</string>
		</dict>
		<key>A27380171AFD144100E6F222</key>
		<dict>
			<key>buildActionMask</key>
			<string>2147483647</string>
			<key>files</key>
			<array/>
			<key>isa</key>
			<string>PBXFrameworksBuildPhase</string>
			<key>runOnlyForDeploymentPostprocessing</key>
			<string>0</string>
		</dict>
		<key>A27380191AFD144100E6F222</key>
		<dict>
			<key>buildConfigurationList</key>
			<string>A273802F1AFD144200E6F222</string>
			<key>buildPhases</key>
			<array>
				<string>A27380161AFD144100E6F222</string>
				<string>A27380171AFD144100E6F222</string>
				<string>A27380331AFD171C00E6F222</string>
			</array>
			<key>buildRules</key>
			<array/>
			<key>dependencies</key>
			<array/>
			<key>isa</key>
			<string>PBXNativeTarget</string>
			<key>name</key>
			<string>ComponentKitTestHelpers</string>
			<key>productName</key>
			<string>ComponentKitTestHelpers</string>
			<key>productReference</key>
			<string>A273801A1AFD144100E6F222</string>
			<key>productType</key>
			<string>com.apple.product-type.library.static</string>
		</dict>
		<key>A273801A1AFD144100E6F222</key>
		<dict>
			<key>explicitFileType</key>
			<string>archive.ar</string>
			<key>includeInIndex</key>
			<string>0</string>
			<key>isa</key>
			<string>PBXFileReference</string>
			<key>path</key>
			<string>libComponentKitTestHelpers.a</string>
			<key>sourceTree</key>
			<string>BUILT_PRODUCTS_DIR</string>
		</dict>
		<key>A273801B1AFD144100E6F222</key>
		<dict>
			<key>children</key>
			<array>
				<string>A273801C1AFD144100E6F222</string>
				<string>A273801E1AFD144100E6F222</string>
			</array>
			<key>isa</key>
			<string>PBXGroup</string>
			<key>path</key>
			<string>ComponentKitTestHelpers</string>
			<key>sourceTree</key>
			<string>&lt;group&gt;</string>
		</dict>
		<key>A273801C1AFD144100E6F222</key>
		<dict>
			<key>isa</key>
			<string>PBXFileReference</string>
			<key>lastKnownFileType</key>
			<string>sourcecode.c.h</string>
			<key>path</key>
			<string>CKTestActionComponent.h</string>
			<key>sourceTree</key>
			<string>&lt;group&gt;</string>
		</dict>
		<key>A273801E1AFD144100E6F222</key>
		<dict>
			<key>isa</key>
			<string>PBXFileReference</string>
			<key>lastKnownFileType</key>
			<string>sourcecode.cpp.objcpp</string>
			<key>path</key>
			<string>CKTestActionComponent.mm</string>
			<key>sourceTree</key>
			<string>&lt;group&gt;</string>
		</dict>
		<key>A273801F1AFD144100E6F222</key>
		<dict>
			<key>fileRef</key>
			<string>A273801E1AFD144100E6F222</string>
			<key>isa</key>
			<string>PBXBuildFile</string>
		</dict>
		<key>A273802B1AFD144200E6F222</key>
		<dict>
			<key>baseConfigurationReference</key>
			<string>71F5A01FFD736AB56CFCFD58</string>
			<key>buildSettings</key>
			<dict>
				<key>DEBUG_INFORMATION_FORMAT</key>
				<string>dwarf-with-dsym</string>
				<key>GCC_NO_COMMON_BLOCKS</key>
				<string>YES</string>
				<key>GCC_PREPROCESSOR_DEFINITIONS</key>
				<array>
					<string>DEBUG=1</string>
					<string>$(inherited)</string>
				</array>
				<key>IPHONEOS_DEPLOYMENT_TARGET</key>
				<string>8.3</string>
				<key>OTHER_LDFLAGS</key>
				<string>-ObjC</string>
				<key>PRODUCT_NAME</key>
				<string>$(TARGET_NAME)</string>
				<key>SKIP_INSTALL</key>
				<string>YES</string>
			</dict>
			<key>isa</key>
			<string>XCBuildConfiguration</string>
			<key>name</key>
			<string>Debug</string>
		</dict>
		<key>A273802C1AFD144200E6F222</key>
		<dict>
			<key>baseConfigurationReference</key>
			<string>A6F27DD3FB8E2237F9C39DCE</string>
			<key>buildSettings</key>
			<dict>
				<key>COPY_PHASE_STRIP</key>
				<string>NO</string>
				<key>DEBUG_INFORMATION_FORMAT</key>
				<string>dwarf-with-dsym</string>
				<key>GCC_NO_COMMON_BLOCKS</key>
				<string>YES</string>
				<key>IPHONEOS_DEPLOYMENT_TARGET</key>
				<string>8.3</string>
				<key>OTHER_LDFLAGS</key>
				<string>-ObjC</string>
				<key>PRODUCT_NAME</key>
				<string>$(TARGET_NAME)</string>
				<key>SKIP_INSTALL</key>
				<string>YES</string>
			</dict>
			<key>isa</key>
			<string>XCBuildConfiguration</string>
			<key>name</key>
			<string>Release</string>
		</dict>
		<key>A273802F1AFD144200E6F222</key>
		<dict>
			<key>buildConfigurations</key>
			<array>
				<string>A273802B1AFD144200E6F222</string>
				<string>A273802C1AFD144200E6F222</string>
			</array>
			<key>defaultConfigurationIsVisible</key>
			<string>0</string>
			<key>defaultConfigurationName</key>
			<string>Release</string>
			<key>isa</key>
			<string>XCConfigurationList</string>
		</dict>
		<key>A27380311AFD160200E6F222</key>
		<dict>
			<key>fileRef</key>
			<string>A273801A1AFD144100E6F222</string>
			<key>isa</key>
			<string>PBXBuildFile</string>
		</dict>
		<key>A27380321AFD160600E6F222</key>
		<dict>
			<key>fileRef</key>
			<string>A273801A1AFD144100E6F222</string>
			<key>isa</key>
			<string>PBXBuildFile</string>
		</dict>
		<key>A27380331AFD171C00E6F222</key>
		<dict>
			<key>buildActionMask</key>
			<string>2147483647</string>
			<key>files</key>
			<array>
				<string>A27380341AFD172500E6F222</string>
			</array>
			<key>isa</key>
			<string>PBXHeadersBuildPhase</string>
			<key>runOnlyForDeploymentPostprocessing</key>
			<string>0</string>
		</dict>
		<key>A27380341AFD172500E6F222</key>
		<dict>
			<key>fileRef</key>
			<string>A273801C1AFD144100E6F222</string>
			<key>isa</key>
			<string>PBXBuildFile</string>
			<key>settings</key>
			<dict>
				<key>ATTRIBUTES</key>
				<array>
					<string>Public</string>
				</array>
			</dict>
		</dict>
		<key>A27436F51AE94FCA00832359</key>
		<dict>
			<key>children</key>
			<array>
				<string>A25C02D01AF0767700F4C864</string>
				<string>A27436F61AE94FE300832359</string>
				<string>A2100E0C1AE9751500281861</string>
				<string>A27C72741AEF0BE800DC6797</string>
				<string>A279EA9D1AF087A70046B5AA</string>
				<string>A2CD66311AF2F0C70083A839</string>
				<string>A22FE3021AF2CEB000EC30B8</string>
				<string>A27436F81AE9589700832359</string>
				<string>A27436F91AE9589700832359</string>
				<string>497824741BC570E000F29081</string>
			</array>
			<key>isa</key>
			<string>PBXGroup</string>
			<key>path</key>
			<string>TransactionalDataSource</string>
			<key>sourceTree</key>
			<string>&lt;group&gt;</string>
		</dict>
		<key>A27436F61AE94FE300832359</key>
		<dict>
			<key>fileEncoding</key>
			<string>4</string>
			<key>isa</key>
			<string>PBXFileReference</string>
			<key>lastKnownFileType</key>
			<string>sourcecode.cpp.objcpp</string>
			<key>path</key>
			<string>CKTransactionalComponentDataSourceReloadModificationTests.mm</string>
			<key>sourceTree</key>
			<string>&lt;group&gt;</string>
		</dict>
		<key>A27436F71AE94FE300832359</key>
		<dict>
			<key>fileRef</key>
			<string>A27436F61AE94FE300832359</string>
			<key>isa</key>
			<string>PBXBuildFile</string>
		</dict>
		<key>A27436F81AE9589700832359</key>
		<dict>
			<key>fileEncoding</key>
			<string>4</string>
			<key>isa</key>
			<string>PBXFileReference</string>
			<key>lastKnownFileType</key>
			<string>sourcecode.c.h</string>
			<key>path</key>
			<string>CKTransactionalComponentDataSourceStateTestHelpers.h</string>
			<key>sourceTree</key>
			<string>&lt;group&gt;</string>
		</dict>
		<key>A27436F91AE9589700832359</key>
		<dict>
			<key>fileEncoding</key>
			<string>4</string>
			<key>isa</key>
			<string>PBXFileReference</string>
			<key>lastKnownFileType</key>
			<string>sourcecode.cpp.objcpp</string>
			<key>path</key>
			<string>CKTransactionalComponentDataSourceStateTestHelpers.mm</string>
			<key>sourceTree</key>
			<string>&lt;group&gt;</string>
		</dict>
		<key>A27436FA1AE9589700832359</key>
		<dict>
			<key>fileRef</key>
			<string>A27436F91AE9589700832359</string>
			<key>isa</key>
			<string>PBXBuildFile</string>
		</dict>
		<key>A279EA9D1AF087A70046B5AA</key>
		<dict>
			<key>fileEncoding</key>
			<string>4</string>
			<key>isa</key>
			<string>PBXFileReference</string>
			<key>lastKnownFileType</key>
			<string>sourcecode.cpp.objcpp</string>
			<key>path</key>
			<string>CKTransactionalComponentDataSourceTests.mm</string>
			<key>sourceTree</key>
			<string>&lt;group&gt;</string>
		</dict>
		<key>A279EA9E1AF087A70046B5AA</key>
		<dict>
			<key>fileRef</key>
			<string>A279EA9D1AF087A70046B5AA</string>
			<key>isa</key>
			<string>PBXBuildFile</string>
		</dict>
		<key>A27C72741AEF0BE800DC6797</key>
		<dict>
			<key>fileEncoding</key>
			<string>4</string>
			<key>isa</key>
			<string>PBXFileReference</string>
			<key>lastKnownFileType</key>
			<string>sourcecode.cpp.objcpp</string>
			<key>path</key>
			<string>CKTransactionalComponentDataSourceUpdateStateModificationTests.mm</string>
			<key>sourceTree</key>
			<string>&lt;group&gt;</string>
		</dict>
		<key>A27C72751AEF0BE800DC6797</key>
		<dict>
			<key>fileRef</key>
			<string>A27C72741AEF0BE800DC6797</string>
			<key>isa</key>
			<string>PBXBuildFile</string>
		</dict>
		<key>A2CD66311AF2F0C70083A839</key>
		<dict>
			<key>fileEncoding</key>
			<string>4</string>
			<key>isa</key>
			<string>PBXFileReference</string>
			<key>lastKnownFileType</key>
			<string>sourcecode.cpp.objcpp</string>
			<key>path</key>
			<string>CKTransactionalComponentDataSourceStateTests.mm</string>
			<key>sourceTree</key>
			<string>&lt;group&gt;</string>
		</dict>
		<key>A2CD66321AF2F0C70083A839</key>
		<dict>
			<key>fileRef</key>
			<string>A2CD66311AF2F0C70083A839</string>
			<key>isa</key>
			<string>PBXBuildFile</string>
		</dict>
		<key>A2D20CF31B431CCF002B2DC7</key>
		<dict>
			<key>fileEncoding</key>
			<string>4</string>
			<key>isa</key>
			<string>PBXFileReference</string>
			<key>lastKnownFileType</key>
			<string>sourcecode.cpp.objcpp</string>
			<key>path</key>
			<string>CKComponentHostingViewAsyncStateUpdateTests.mm</string>
			<key>sourceTree</key>
			<string>&lt;group&gt;</string>
		</dict>
		<key>A2D20CF41B431CCF002B2DC7</key>
		<dict>
			<key>fileRef</key>
			<string>A2D20CF31B431CCF002B2DC7</string>
			<key>isa</key>
			<string>PBXBuildFile</string>
		</dict>
		<key>A6F27DD3FB8E2237F9C39DCE</key>
		<dict>
			<key>includeInIndex</key>
			<string>1</string>
			<key>isa</key>
			<string>PBXFileReference</string>
			<key>lastKnownFileType</key>
			<string>text.xcconfig</string>
			<key>name</key>
			<string>Pods.release.xcconfig</string>
			<key>path</key>
			<string>Pods/Target Support Files/Pods/Pods.release.xcconfig</string>
			<key>sourceTree</key>
			<string>&lt;group&gt;</string>
		</dict>
		<key>B342DC3C1AC23E8200ACAC53</key>
		<dict>
			<key>buildActionMask</key>
			<string>2147483647</string>
			<key>files</key>
			<array>
				<string>A2D20CF41B431CCF002B2DC7</string>
				<string>B342DC771AC23EA900ACAC53</string>
				<string>994EF6FB1B1FD77700E2236F</string>
				<string>B342DC6C1AC23EA900ACAC53</string>
				<string>B342DC811AC23EA900ACAC53</string>
				<string>A241C6A51AFCFFDB00D4F661</string>
				<string>B342DC6B1AC23EA900ACAC53</string>
				<string>B342DC6A1AC23EA900ACAC53</string>
				<string>B342DC6F1AC23EA900ACAC53</string>
				<string>B342DC851AC23EA900ACAC53</string>
				<string>A2CD66321AF2F0C70083A839</string>
				<string>B342DC711AC23EA900ACAC53</string>
				<string>B342DC781AC23EA900ACAC53</string>
				<string>B342DC751AC23EA900ACAC53</string>
				<string>B342DC7A1AC23EA900ACAC53</string>
				<string>B342DC7E1AC23EA900ACAC53</string>
				<string>A25C02D11AF0767700F4C864</string>
				<string>A27436FA1AE9589700832359</string>
				<string>39B090BF1B71645600A5470B</string>
				<string>B342DC741AC23EA900ACAC53</string>
				<string>B342DC761AC23EA900ACAC53</string>
				<string>497824751BC570E000F29081</string>
				<string>A22FE3061AF2CF0C00EC30B8</string>
				<string>B342DC721AC23EA900ACAC53</string>
				<string>B342DC7B1AC23EA900ACAC53</string>
				<string>B342DC6D1AC23EA900ACAC53</string>
				<string>B342DC7D1AC23EA900ACAC53</string>
				<string>A279EA9E1AF087A70046B5AA</string>
				<string>B342DC801AC23EA900ACAC53</string>
				<string>18644AE71B3CB8E60028AF87</string>
				<string>B342DC791AC23EA900ACAC53</string>
				<string>B342DC6E1AC23EA900ACAC53</string>
				<string>A2100E0D1AE9751500281861</string>
				<string>B342DC7C1AC23EA900ACAC53</string>
				<string>18644AE51B3CB8E60028AF87</string>
				<string>A22FE3031AF2CEB000EC30B8</string>
				<string>B342DC861AC23EA900ACAC53</string>
				<string>B342DC7F1AC23EA900ACAC53</string>
				<string>A27436F71AE94FE300832359</string>
				<string>B342DC701AC23EA900ACAC53</string>
				<string>B342DC831AC23EA900ACAC53</string>
				<string>B342DC731AC23EA900ACAC53</string>
				<string>18644AE61B3CB8E60028AF87</string>
				<string>B342DC821AC23EA900ACAC53</string>
				<string>A27C72751AEF0BE800DC6797</string>
				<string>991DE3411B3B308900AA05B2</string>
			</array>
			<key>isa</key>
			<string>PBXSourcesBuildPhase</string>
			<key>runOnlyForDeploymentPostprocessing</key>
			<string>0</string>
		</dict>
		<key>B342DC3D1AC23E8200ACAC53</key>
		<dict>
			<key>buildActionMask</key>
			<string>2147483647</string>
			<key>files</key>
			<array>
				<string>A27380321AFD160600E6F222</string>
				<string>83EBF589FB5C5611BC1A2D13</string>
			</array>
			<key>isa</key>
			<string>PBXFrameworksBuildPhase</string>
			<key>runOnlyForDeploymentPostprocessing</key>
			<string>0</string>
		</dict>
		<key>B342DC3E1AC23E8200ACAC53</key>
		<dict>
			<key>buildActionMask</key>
			<string>2147483647</string>
			<key>files</key>
			<array/>
			<key>isa</key>
			<string>PBXResourcesBuildPhase</string>
			<key>runOnlyForDeploymentPostprocessing</key>
			<string>0</string>
		</dict>
		<key>B342DC3F1AC23E8200ACAC53</key>
		<dict>
			<key>buildConfigurationList</key>
			<string>B342DC461AC23E8200ACAC53</string>
			<key>buildPhases</key>
			<array>
				<string>8AF2AE59B1F1750F1788000D</string>
				<string>B342DC3C1AC23E8200ACAC53</string>
				<string>B342DC3D1AC23E8200ACAC53</string>
				<string>B342DC3E1AC23E8200ACAC53</string>
				<string>1309618AA66D2FF358E9D3CC</string>
				<string>9C962002ACDACBC9F5C24BDE</string>
			</array>
			<key>buildRules</key>
			<array/>
			<key>dependencies</key>
			<array/>
			<key>isa</key>
			<string>PBXNativeTarget</string>
			<key>name</key>
			<string>ComponentKitTests</string>
			<key>productName</key>
			<string>ComponentKitTests</string>
			<key>productReference</key>
			<string>B342DC401AC23E8200ACAC53</string>
			<key>productType</key>
			<string>com.apple.product-type.bundle.unit-test</string>
		</dict>
		<key>B342DC401AC23E8200ACAC53</key>
		<dict>
			<key>explicitFileType</key>
			<string>wrapper.cfbundle</string>
			<key>includeInIndex</key>
			<string>0</string>
			<key>isa</key>
			<string>PBXFileReference</string>
			<key>path</key>
			<string>ComponentKitTests.xctest</string>
			<key>sourceTree</key>
			<string>BUILT_PRODUCTS_DIR</string>
		</dict>
		<key>B342DC411AC23E8200ACAC53</key>
		<dict>
			<key>children</key>
			<array>
				<string>B342DC491AC23EA900ACAC53</string>
				<string>B342DC4A1AC23EA900ACAC53</string>
				<string>A241C6A41AFCFFDB00D4F661</string>
				<string>B342DC4C1AC23EA900ACAC53</string>
				<string>B342DC4D1AC23EA900ACAC53</string>
				<string>B342DC4E1AC23EA900ACAC53</string>
				<string>39B090BE1B71645600A5470B</string>
				<string>B342DC4F1AC23EA900ACAC53</string>
				<string>B342DC501AC23EA900ACAC53</string>
				<string>B342DC511AC23EA900ACAC53</string>
				<string>B342DC521AC23EA900ACAC53</string>
				<string>B342DC531AC23EA900ACAC53</string>
				<string>B342DC541AC23EA900ACAC53</string>
				<string>B342DC551AC23EA900ACAC53</string>
				<string>B342DC561AC23EA900ACAC53</string>
				<string>A2D20CF31B431CCF002B2DC7</string>
				<string>B342DC571AC23EA900ACAC53</string>
				<string>B342DC581AC23EA900ACAC53</string>
				<string>B342DC591AC23EA900ACAC53</string>
				<string>B342DC5A1AC23EA900ACAC53</string>
				<string>B342DC5B1AC23EA900ACAC53</string>
				<string>B342DC5C1AC23EA900ACAC53</string>
				<string>B342DC5D1AC23EA900ACAC53</string>
				<string>B342DC5E1AC23EA900ACAC53</string>
				<string>B342DC5F1AC23EA900ACAC53</string>
				<string>B342DC601AC23EA900ACAC53</string>
				<string>994EF6FA1B1FD77700E2236F</string>
				<string>991DE3401B3B308900AA05B2</string>
				<string>B342DC611AC23EA900ACAC53</string>
				<string>B342DC621AC23EA900ACAC53</string>
				<string>B342DC631AC23EA900ACAC53</string>
				<string>A22FE3041AF2CF0C00EC30B8</string>
				<string>A22FE3051AF2CF0C00EC30B8</string>
				<string>B342DC641AC23EA900ACAC53</string>
				<string>B342DC651AC23EA900ACAC53</string>
				<string>B342DC661AC23EA900ACAC53</string>
				<string>B342DC671AC23EA900ACAC53</string>
				<string>A27436F51AE94FCA00832359</string>
				<string>18644AE01B3CB8E60028AF87</string>
			</array>
			<key>isa</key>
			<string>PBXGroup</string>
			<key>path</key>
			<string>ComponentKitTests</string>
			<key>sourceTree</key>
			<string>&lt;group&gt;</string>
		</dict>
		<key>B342DC461AC23E8200ACAC53</key>
		<dict>
			<key>buildConfigurations</key>
			<array>
				<string>B342DC471AC23E8200ACAC53</string>
				<string>B342DC481AC23E8200ACAC53</string>
			</array>
			<key>defaultConfigurationIsVisible</key>
			<string>0</string>
			<key>defaultConfigurationName</key>
			<string>Release</string>
			<key>isa</key>
			<string>XCConfigurationList</string>
		</dict>
		<key>B342DC471AC23E8200ACAC53</key>
		<dict>
			<key>baseConfigurationReference</key>
			<string>71F5A01FFD736AB56CFCFD58</string>
			<key>buildSettings</key>
			<dict>
				<key>FRAMEWORK_SEARCH_PATHS</key>
				<array>
					<string>$(SDKROOT)/Developer/Library/Frameworks</string>
					<string>$(inherited)</string>
				</array>
				<key>GCC_PREPROCESSOR_DEFINITIONS</key>
				<array>
					<string>DEBUG=1</string>
					<string>$(inherited)</string>
				</array>
				<key>INFOPLIST_FILE</key>
				<string>ComponentKitTests/ComponentKitTests-Info.plist</string>
				<key>LD_RUNPATH_SEARCH_PATHS</key>
				<string>$(inherited) @executable_path/Frameworks @loader_path/Frameworks</string>
				<key>PRODUCT_BUNDLE_IDENTIFIER</key>
				<string>org.componentkit.$(PRODUCT_NAME:rfc1034identifier)</string>
				<key>PRODUCT_NAME</key>
				<string>$(TARGET_NAME)</string>
			</dict>
			<key>isa</key>
			<string>XCBuildConfiguration</string>
			<key>name</key>
			<string>Debug</string>
		</dict>
		<key>B342DC481AC23E8200ACAC53</key>
		<dict>
			<key>baseConfigurationReference</key>
			<string>A6F27DD3FB8E2237F9C39DCE</string>
			<key>buildSettings</key>
			<dict>
				<key>FRAMEWORK_SEARCH_PATHS</key>
				<array>
					<string>$(SDKROOT)/Developer/Library/Frameworks</string>
					<string>$(inherited)</string>
				</array>
				<key>INFOPLIST_FILE</key>
				<string>ComponentKitTests/ComponentKitTests-Info.plist</string>
				<key>LD_RUNPATH_SEARCH_PATHS</key>
				<string>$(inherited) @executable_path/Frameworks @loader_path/Frameworks</string>
				<key>PRODUCT_BUNDLE_IDENTIFIER</key>
				<string>org.componentkit.$(PRODUCT_NAME:rfc1034identifier)</string>
				<key>PRODUCT_NAME</key>
				<string>$(TARGET_NAME)</string>
			</dict>
			<key>isa</key>
			<string>XCBuildConfiguration</string>
			<key>name</key>
			<string>Release</string>
		</dict>
		<key>B342DC491AC23EA900ACAC53</key>
		<dict>
			<key>fileEncoding</key>
			<string>4</string>
			<key>isa</key>
			<string>PBXFileReference</string>
			<key>lastKnownFileType</key>
			<string>sourcecode.cpp.objcpp</string>
			<key>path</key>
			<string>CKArrayControllerChangesetTests.mm</string>
			<key>sourceTree</key>
			<string>&lt;group&gt;</string>
		</dict>
		<key>B342DC4A1AC23EA900ACAC53</key>
		<dict>
			<key>fileEncoding</key>
			<string>4</string>
			<key>isa</key>
			<string>PBXFileReference</string>
			<key>lastKnownFileType</key>
			<string>sourcecode.cpp.objcpp</string>
			<key>path</key>
			<string>CKComponentAccessibilityTests.mm</string>
			<key>sourceTree</key>
			<string>&lt;group&gt;</string>
		</dict>
		<key>B342DC4B1AC23EA900ACAC53</key>
		<dict>
			<key>fileEncoding</key>
			<string>4</string>
			<key>isa</key>
			<string>PBXFileReference</string>
			<key>lastKnownFileType</key>
			<string>sourcecode.cpp.objcpp</string>
			<key>path</key>
			<string>CKComponentBoundsAnimationTests.mm</string>
			<key>sourceTree</key>
			<string>&lt;group&gt;</string>
		</dict>
		<key>B342DC4C1AC23EA900ACAC53</key>
		<dict>
			<key>fileEncoding</key>
			<string>4</string>
			<key>isa</key>
			<string>PBXFileReference</string>
			<key>lastKnownFileType</key>
			<string>sourcecode.cpp.objcpp</string>
			<key>path</key>
			<string>CKComponentContextTests.mm</string>
			<key>sourceTree</key>
			<string>&lt;group&gt;</string>
		</dict>
		<key>B342DC4D1AC23EA900ACAC53</key>
		<dict>
			<key>fileEncoding</key>
			<string>4</string>
			<key>isa</key>
			<string>PBXFileReference</string>
			<key>lastKnownFileType</key>
			<string>sourcecode.cpp.objcpp</string>
			<key>path</key>
			<string>CKComponentControllerLifecycleMethodTests.mm</string>
			<key>sourceTree</key>
			<string>&lt;group&gt;</string>
		</dict>
		<key>B342DC4E1AC23EA900ACAC53</key>
		<dict>
			<key>fileEncoding</key>
			<string>4</string>
			<key>isa</key>
			<string>PBXFileReference</string>
			<key>lastKnownFileType</key>
			<string>sourcecode.cpp.objcpp</string>
			<key>path</key>
			<string>CKComponentControllerTests.mm</string>
			<key>sourceTree</key>
			<string>&lt;group&gt;</string>
		</dict>
		<key>B342DC4F1AC23EA900ACAC53</key>
		<dict>
			<key>fileEncoding</key>
			<string>4</string>
			<key>isa</key>
			<string>PBXFileReference</string>
			<key>lastKnownFileType</key>
			<string>sourcecode.c.h</string>
			<key>path</key>
			<string>CKComponentDataSourceTestDelegate.h</string>
			<key>sourceTree</key>
			<string>&lt;group&gt;</string>
		</dict>
		<key>B342DC501AC23EA900ACAC53</key>
		<dict>
			<key>fileEncoding</key>
			<string>4</string>
			<key>isa</key>
			<string>PBXFileReference</string>
			<key>lastKnownFileType</key>
			<string>sourcecode.cpp.objcpp</string>
			<key>path</key>
			<string>CKComponentDataSourceTestDelegate.mm</string>
			<key>sourceTree</key>
			<string>&lt;group&gt;</string>
		</dict>
		<key>B342DC511AC23EA900ACAC53</key>
		<dict>
			<key>fileEncoding</key>
			<string>4</string>
			<key>isa</key>
			<string>PBXFileReference</string>
			<key>lastKnownFileType</key>
			<string>sourcecode.cpp.objcpp</string>
			<key>path</key>
			<string>CKComponentDataSourceTests.mm</string>
			<key>sourceTree</key>
			<string>&lt;group&gt;</string>
		</dict>
		<key>B342DC521AC23EA900ACAC53</key>
		<dict>
			<key>fileEncoding</key>
			<string>4</string>
			<key>isa</key>
			<string>PBXFileReference</string>
			<key>lastKnownFileType</key>
			<string>sourcecode.cpp.objcpp</string>
			<key>path</key>
			<string>CKComponentFlexibleSizeRangeProviderTests.mm</string>
			<key>sourceTree</key>
			<string>&lt;group&gt;</string>
		</dict>
		<key>B342DC531AC23EA900ACAC53</key>
		<dict>
			<key>fileEncoding</key>
			<string>4</string>
			<key>isa</key>
			<string>PBXFileReference</string>
			<key>lastKnownFileType</key>
			<string>sourcecode.cpp.objcpp</string>
			<key>path</key>
			<string>CKComponentGestureActionsTests.mm</string>
			<key>sourceTree</key>
			<string>&lt;group&gt;</string>
		</dict>
		<key>B342DC541AC23EA900ACAC53</key>
		<dict>
			<key>fileEncoding</key>
			<string>4</string>
			<key>isa</key>
			<string>PBXFileReference</string>
			<key>lastKnownFileType</key>
			<string>sourcecode.c.h</string>
			<key>path</key>
			<string>CKComponentHostingViewTestModel.h</string>
			<key>sourceTree</key>
			<string>&lt;group&gt;</string>
		</dict>
		<key>B342DC551AC23EA900ACAC53</key>
		<dict>
			<key>fileEncoding</key>
			<string>4</string>
			<key>isa</key>
			<string>PBXFileReference</string>
			<key>lastKnownFileType</key>
			<string>sourcecode.cpp.objcpp</string>
			<key>path</key>
			<string>CKComponentHostingViewTestModel.mm</string>
			<key>sourceTree</key>
			<string>&lt;group&gt;</string>
		</dict>
		<key>B342DC561AC23EA900ACAC53</key>
		<dict>
			<key>fileEncoding</key>
			<string>4</string>
			<key>isa</key>
			<string>PBXFileReference</string>
			<key>lastKnownFileType</key>
			<string>sourcecode.cpp.objcpp</string>
			<key>path</key>
			<string>CKComponentHostingViewTests.mm</string>
			<key>sourceTree</key>
			<string>&lt;group&gt;</string>
		</dict>
		<key>B342DC571AC23EA900ACAC53</key>
		<dict>
			<key>fileEncoding</key>
			<string>4</string>
			<key>isa</key>
			<string>PBXFileReference</string>
			<key>lastKnownFileType</key>
			<string>sourcecode.cpp.objcpp</string>
			<key>path</key>
			<string>CKComponentLifecycleManagerTests.mm</string>
			<key>sourceTree</key>
			<string>&lt;group&gt;</string>
		</dict>
		<key>B342DC581AC23EA900ACAC53</key>
		<dict>
			<key>fileEncoding</key>
			<string>4</string>
			<key>isa</key>
			<string>PBXFileReference</string>
			<key>lastKnownFileType</key>
			<string>sourcecode.cpp.objcpp</string>
			<key>path</key>
			<string>CKComponentMountContextLayoutGuideTests.mm</string>
			<key>sourceTree</key>
			<string>&lt;group&gt;</string>
		</dict>
		<key>B342DC591AC23EA900ACAC53</key>
		<dict>
			<key>fileEncoding</key>
			<string>4</string>
			<key>isa</key>
			<string>PBXFileReference</string>
			<key>lastKnownFileType</key>
			<string>sourcecode.cpp.objcpp</string>
			<key>path</key>
			<string>CKComponentMountTests.mm</string>
			<key>sourceTree</key>
			<string>&lt;group&gt;</string>
		</dict>
		<key>B342DC5A1AC23EA900ACAC53</key>
		<dict>
			<key>fileEncoding</key>
			<string>4</string>
			<key>isa</key>
			<string>PBXFileReference</string>
			<key>lastKnownFileType</key>
			<string>sourcecode.cpp.objcpp</string>
			<key>path</key>
			<string>CKComponentPreparationQueueAsyncTests.mm</string>
			<key>sourceTree</key>
			<string>&lt;group&gt;</string>
		</dict>
		<key>B342DC5B1AC23EA900ACAC53</key>
		<dict>
			<key>fileEncoding</key>
			<string>4</string>
			<key>isa</key>
			<string>PBXFileReference</string>
			<key>lastKnownFileType</key>
			<string>sourcecode.cpp.objcpp</string>
			<key>path</key>
			<string>CKComponentPreparationQueueTests.mm</string>
			<key>sourceTree</key>
			<string>&lt;group&gt;</string>
		</dict>
		<key>B342DC5C1AC23EA900ACAC53</key>
		<dict>
			<key>fileEncoding</key>
			<string>4</string>
			<key>isa</key>
			<string>PBXFileReference</string>
			<key>lastKnownFileType</key>
			<string>sourcecode.cpp.objcpp</string>
			<key>path</key>
			<string>CKComponentSizeTests.mm</string>
			<key>sourceTree</key>
			<string>&lt;group&gt;</string>
		</dict>
		<key>B342DC5D1AC23EA900ACAC53</key>
		<dict>
			<key>fileEncoding</key>
			<string>4</string>
			<key>isa</key>
			<string>PBXFileReference</string>
			<key>lastKnownFileType</key>
			<string>sourcecode.cpp.objcpp</string>
			<key>path</key>
			<string>CKComponentViewAttributeTests.mm</string>
			<key>sourceTree</key>
			<string>&lt;group&gt;</string>
		</dict>
		<key>B342DC5E1AC23EA900ACAC53</key>
		<dict>
			<key>fileEncoding</key>
			<string>4</string>
			<key>isa</key>
			<string>PBXFileReference</string>
			<key>lastKnownFileType</key>
			<string>sourcecode.cpp.objcpp</string>
			<key>path</key>
			<string>CKComponentViewContextTests.mm</string>
			<key>sourceTree</key>
			<string>&lt;group&gt;</string>
		</dict>
		<key>B342DC5F1AC23EA900ACAC53</key>
		<dict>
			<key>fileEncoding</key>
			<string>4</string>
			<key>isa</key>
			<string>PBXFileReference</string>
			<key>lastKnownFileType</key>
			<string>sourcecode.cpp.objcpp</string>
			<key>path</key>
			<string>CKComponentViewManagerTests.mm</string>
			<key>sourceTree</key>
			<string>&lt;group&gt;</string>
		</dict>
		<key>B342DC601AC23EA900ACAC53</key>
		<dict>
			<key>fileEncoding</key>
			<string>4</string>
			<key>isa</key>
			<string>PBXFileReference</string>
			<key>lastKnownFileType</key>
			<string>sourcecode.cpp.objcpp</string>
			<key>path</key>
			<string>CKComponentViewReuseTests.mm</string>
			<key>sourceTree</key>
			<string>&lt;group&gt;</string>
		</dict>
		<key>B342DC611AC23EA900ACAC53</key>
		<dict>
			<key>fileEncoding</key>
			<string>4</string>
			<key>isa</key>
			<string>PBXFileReference</string>
			<key>lastKnownFileType</key>
			<string>sourcecode.cpp.objcpp</string>
			<key>path</key>
			<string>CKDimensionTests.mm</string>
			<key>sourceTree</key>
			<string>&lt;group&gt;</string>
		</dict>
		<key>B342DC621AC23EA900ACAC53</key>
		<dict>
			<key>fileEncoding</key>
			<string>4</string>
			<key>isa</key>
			<string>PBXFileReference</string>
			<key>lastKnownFileType</key>
			<string>sourcecode.cpp.objcpp</string>
			<key>path</key>
			<string>CKOptimisticViewMutationsTests.mm</string>
			<key>sourceTree</key>
			<string>&lt;group&gt;</string>
		</dict>
		<key>B342DC631AC23EA900ACAC53</key>
		<dict>
			<key>fileEncoding</key>
			<string>4</string>
			<key>isa</key>
			<string>PBXFileReference</string>
			<key>lastKnownFileType</key>
			<string>sourcecode.cpp.objcpp</string>
			<key>path</key>
			<string>CKSectionedArrayControllerTests.mm</string>
			<key>sourceTree</key>
			<string>&lt;group&gt;</string>
		</dict>
		<key>B342DC641AC23EA900ACAC53</key>
		<dict>
			<key>fileEncoding</key>
			<string>4</string>
			<key>isa</key>
			<string>PBXFileReference</string>
			<key>lastKnownFileType</key>
			<string>sourcecode.c.h</string>
			<key>path</key>
			<string>CKTestRunLoopRunning.h</string>
			<key>sourceTree</key>
			<string>&lt;group&gt;</string>
		</dict>
		<key>B342DC651AC23EA900ACAC53</key>
		<dict>
			<key>fileEncoding</key>
			<string>4</string>
			<key>isa</key>
			<string>PBXFileReference</string>
			<key>lastKnownFileType</key>
			<string>sourcecode.cpp.objcpp</string>
			<key>path</key>
			<string>CKTestRunLoopRunning.mm</string>
			<key>sourceTree</key>
			<string>&lt;group&gt;</string>
		</dict>
		<key>B342DC661AC23EA900ACAC53</key>
		<dict>
			<key>fileEncoding</key>
			<string>4</string>
			<key>isa</key>
			<string>PBXFileReference</string>
			<key>lastKnownFileType</key>
			<string>text.plist.xml</string>
			<key>path</key>
			<string>ComponentKitTests-Info.plist</string>
			<key>sourceTree</key>
			<string>&lt;group&gt;</string>
		</dict>
		<key>B342DC671AC23EA900ACAC53</key>
		<dict>
			<key>children</key>
			<array>
				<string>B342DC681AC23EA900ACAC53</string>
				<string>B342DC691AC23EA900ACAC53</string>
			</array>
			<key>isa</key>
			<string>PBXGroup</string>
			<key>path</key>
			<string>Scope</string>
			<key>sourceTree</key>
			<string>&lt;group&gt;</string>
		</dict>
		<key>B342DC681AC23EA900ACAC53</key>
		<dict>
			<key>fileEncoding</key>
			<string>4</string>
			<key>isa</key>
			<string>PBXFileReference</string>
			<key>lastKnownFileType</key>
			<string>sourcecode.cpp.objcpp</string>
			<key>path</key>
			<string>CKComponentScopeTests.mm</string>
			<key>sourceTree</key>
			<string>&lt;group&gt;</string>
		</dict>
		<key>B342DC691AC23EA900ACAC53</key>
		<dict>
			<key>fileEncoding</key>
			<string>4</string>
			<key>isa</key>
			<string>PBXFileReference</string>
			<key>lastKnownFileType</key>
			<string>sourcecode.cpp.objcpp</string>
			<key>path</key>
			<string>CKStateScopeComponentBuilderTests.mm</string>
			<key>sourceTree</key>
			<string>&lt;group&gt;</string>
		</dict>
		<key>B342DC6A1AC23EA900ACAC53</key>
		<dict>
			<key>fileRef</key>
			<string>B342DC491AC23EA900ACAC53</string>
			<key>isa</key>
			<string>PBXBuildFile</string>
		</dict>
		<key>B342DC6B1AC23EA900ACAC53</key>
		<dict>
			<key>fileRef</key>
			<string>B342DC4A1AC23EA900ACAC53</string>
			<key>isa</key>
			<string>PBXBuildFile</string>
		</dict>
		<key>B342DC6C1AC23EA900ACAC53</key>
		<dict>
			<key>fileRef</key>
			<string>B342DC4B1AC23EA900ACAC53</string>
			<key>isa</key>
			<string>PBXBuildFile</string>
		</dict>
		<key>B342DC6D1AC23EA900ACAC53</key>
		<dict>
			<key>fileRef</key>
			<string>B342DC4C1AC23EA900ACAC53</string>
			<key>isa</key>
			<string>PBXBuildFile</string>
		</dict>
		<key>B342DC6E1AC23EA900ACAC53</key>
		<dict>
			<key>fileRef</key>
			<string>B342DC4D1AC23EA900ACAC53</string>
			<key>isa</key>
			<string>PBXBuildFile</string>
		</dict>
		<key>B342DC6F1AC23EA900ACAC53</key>
		<dict>
			<key>fileRef</key>
			<string>B342DC4E1AC23EA900ACAC53</string>
			<key>isa</key>
			<string>PBXBuildFile</string>
		</dict>
		<key>B342DC701AC23EA900ACAC53</key>
		<dict>
			<key>fileRef</key>
			<string>B342DC501AC23EA900ACAC53</string>
			<key>isa</key>
			<string>PBXBuildFile</string>
		</dict>
		<key>B342DC711AC23EA900ACAC53</key>
		<dict>
			<key>fileRef</key>
			<string>B342DC511AC23EA900ACAC53</string>
			<key>isa</key>
			<string>PBXBuildFile</string>
		</dict>
		<key>B342DC721AC23EA900ACAC53</key>
		<dict>
			<key>fileRef</key>
			<string>B342DC521AC23EA900ACAC53</string>
			<key>isa</key>
			<string>PBXBuildFile</string>
		</dict>
		<key>B342DC731AC23EA900ACAC53</key>
		<dict>
			<key>fileRef</key>
			<string>B342DC531AC23EA900ACAC53</string>
			<key>isa</key>
			<string>PBXBuildFile</string>
		</dict>
		<key>B342DC741AC23EA900ACAC53</key>
		<dict>
			<key>fileRef</key>
			<string>B342DC551AC23EA900ACAC53</string>
			<key>isa</key>
			<string>PBXBuildFile</string>
		</dict>
		<key>B342DC751AC23EA900ACAC53</key>
		<dict>
			<key>fileRef</key>
			<string>B342DC561AC23EA900ACAC53</string>
			<key>isa</key>
			<string>PBXBuildFile</string>
		</dict>
		<key>B342DC761AC23EA900ACAC53</key>
		<dict>
			<key>fileRef</key>
			<string>B342DC571AC23EA900ACAC53</string>
			<key>isa</key>
			<string>PBXBuildFile</string>
		</dict>
		<key>B342DC771AC23EA900ACAC53</key>
		<dict>
			<key>fileRef</key>
			<string>B342DC581AC23EA900ACAC53</string>
			<key>isa</key>
			<string>PBXBuildFile</string>
		</dict>
		<key>B342DC781AC23EA900ACAC53</key>
		<dict>
			<key>fileRef</key>
			<string>B342DC591AC23EA900ACAC53</string>
			<key>isa</key>
			<string>PBXBuildFile</string>
		</dict>
		<key>B342DC791AC23EA900ACAC53</key>
		<dict>
			<key>fileRef</key>
			<string>B342DC5A1AC23EA900ACAC53</string>
			<key>isa</key>
			<string>PBXBuildFile</string>
		</dict>
		<key>B342DC7A1AC23EA900ACAC53</key>
		<dict>
			<key>fileRef</key>
			<string>B342DC5B1AC23EA900ACAC53</string>
			<key>isa</key>
			<string>PBXBuildFile</string>
		</dict>
		<key>B342DC7B1AC23EA900ACAC53</key>
		<dict>
			<key>fileRef</key>
			<string>B342DC5C1AC23EA900ACAC53</string>
			<key>isa</key>
			<string>PBXBuildFile</string>
		</dict>
		<key>B342DC7C1AC23EA900ACAC53</key>
		<dict>
			<key>fileRef</key>
			<string>B342DC5D1AC23EA900ACAC53</string>
			<key>isa</key>
			<string>PBXBuildFile</string>
		</dict>
		<key>B342DC7D1AC23EA900ACAC53</key>
		<dict>
			<key>fileRef</key>
			<string>B342DC5E1AC23EA900ACAC53</string>
			<key>isa</key>
			<string>PBXBuildFile</string>
		</dict>
		<key>B342DC7E1AC23EA900ACAC53</key>
		<dict>
			<key>fileRef</key>
			<string>B342DC5F1AC23EA900ACAC53</string>
			<key>isa</key>
			<string>PBXBuildFile</string>
		</dict>
		<key>B342DC7F1AC23EA900ACAC53</key>
		<dict>
			<key>fileRef</key>
			<string>B342DC601AC23EA900ACAC53</string>
			<key>isa</key>
			<string>PBXBuildFile</string>
		</dict>
		<key>B342DC801AC23EA900ACAC53</key>
		<dict>
			<key>fileRef</key>
			<string>B342DC611AC23EA900ACAC53</string>
			<key>isa</key>
			<string>PBXBuildFile</string>
		</dict>
		<key>B342DC811AC23EA900ACAC53</key>
		<dict>
			<key>fileRef</key>
			<string>B342DC621AC23EA900ACAC53</string>
			<key>isa</key>
			<string>PBXBuildFile</string>
		</dict>
		<key>B342DC821AC23EA900ACAC53</key>
		<dict>
			<key>fileRef</key>
			<string>B342DC631AC23EA900ACAC53</string>
			<key>isa</key>
			<string>PBXBuildFile</string>
		</dict>
		<key>B342DC831AC23EA900ACAC53</key>
		<dict>
			<key>fileRef</key>
			<string>B342DC651AC23EA900ACAC53</string>
			<key>isa</key>
			<string>PBXBuildFile</string>
		</dict>
		<key>B342DC851AC23EA900ACAC53</key>
		<dict>
			<key>fileRef</key>
			<string>B342DC681AC23EA900ACAC53</string>
			<key>isa</key>
			<string>PBXBuildFile</string>
		</dict>
		<key>B342DC861AC23EA900ACAC53</key>
		<dict>
			<key>fileRef</key>
			<string>B342DC691AC23EA900ACAC53</string>
			<key>isa</key>
			<string>PBXBuildFile</string>
		</dict>
		<key>B342DC871AC23EC300ACAC53</key>
		<dict>
			<key>buildActionMask</key>
			<string>2147483647</string>
			<key>files</key>
			<array>
				<string>B342DCA21AC23EE800ACAC53</string>
				<string>B342DCA31AC23EE800ACAC53</string>
				<string>B342DCA11AC23EE800ACAC53</string>
				<string>B342DC9F1AC23EE800ACAC53</string>
				<string>B342DCA41AC23EE800ACAC53</string>
				<string>B342DC9E1AC23EE800ACAC53</string>
				<string>A241C6A71AFD0A6800D4F661</string>
				<string>B342DCA01AC23EE800ACAC53</string>
			</array>
			<key>isa</key>
			<string>PBXSourcesBuildPhase</string>
			<key>runOnlyForDeploymentPostprocessing</key>
			<string>0</string>
		</dict>
		<key>B342DC881AC23EC300ACAC53</key>
		<dict>
			<key>buildActionMask</key>
			<string>2147483647</string>
			<key>files</key>
			<array>
				<string>A27380311AFD160200E6F222</string>
				<string>0C293C2FE4684CADAB27CA9D</string>
			</array>
			<key>isa</key>
			<string>PBXFrameworksBuildPhase</string>
			<key>runOnlyForDeploymentPostprocessing</key>
			<string>0</string>
		</dict>
		<key>B342DC891AC23EC300ACAC53</key>
		<dict>
			<key>buildActionMask</key>
			<string>2147483647</string>
			<key>files</key>
			<array/>
			<key>isa</key>
			<string>PBXResourcesBuildPhase</string>
			<key>runOnlyForDeploymentPostprocessing</key>
			<string>0</string>
		</dict>
		<key>B342DC8A1AC23EC300ACAC53</key>
		<dict>
			<key>buildConfigurationList</key>
			<string>B342DC911AC23EC300ACAC53</string>
			<key>buildPhases</key>
			<array>
				<string>1C6B63D6DD0E66E0C1D447F6</string>
				<string>B342DC871AC23EC300ACAC53</string>
				<string>B342DC881AC23EC300ACAC53</string>
				<string>B342DC891AC23EC300ACAC53</string>
				<string>9FD8ED47E23083622CCDECBA</string>
				<string>F164D146BCBE370EFFEAB3CC</string>
			</array>
			<key>buildRules</key>
			<array/>
			<key>dependencies</key>
			<array>
				<string>B342DC951AC23ECB00ACAC53</string>
			</array>
			<key>isa</key>
			<string>PBXNativeTarget</string>
			<key>name</key>
			<string>ComponentKitApplicationTests</string>
			<key>productName</key>
			<string>ComponentKitApplicationTests</string>
			<key>productReference</key>
			<string>B342DC8B1AC23EC300ACAC53</string>
			<key>productType</key>
			<string>com.apple.product-type.bundle.unit-test</string>
		</dict>
		<key>B342DC8B1AC23EC300ACAC53</key>
		<dict>
			<key>explicitFileType</key>
			<string>wrapper.cfbundle</string>
			<key>includeInIndex</key>
			<string>0</string>
			<key>isa</key>
			<string>PBXFileReference</string>
			<key>path</key>
			<string>ComponentKitApplicationTests.xctest</string>
			<key>sourceTree</key>
			<string>BUILT_PRODUCTS_DIR</string>
		</dict>
		<key>B342DC8C1AC23EC300ACAC53</key>
		<dict>
			<key>children</key>
			<array>
				<string>B342DC961AC23EE800ACAC53</string>
				<string>B342DC971AC23EE800ACAC53</string>
				<string>A241C6A61AFD0A6800D4F661</string>
				<string>B342DC4B1AC23EA900ACAC53</string>
				<string>B342DC981AC23EE800ACAC53</string>
				<string>B342DC991AC23EE800ACAC53</string>
				<string>B342DC9A1AC23EE800ACAC53</string>
				<string>B342DC9B1AC23EE800ACAC53</string>
				<string>B342DC9C1AC23EE800ACAC53</string>
				<string>B342DC9D1AC23EE800ACAC53</string>
			</array>
			<key>isa</key>
			<string>PBXGroup</string>
			<key>path</key>
			<string>ComponentKitApplicationTests</string>
			<key>sourceTree</key>
			<string>&lt;group&gt;</string>
		</dict>
		<key>B342DC911AC23EC300ACAC53</key>
		<dict>
			<key>buildConfigurations</key>
			<array>
				<string>B342DC921AC23EC300ACAC53</string>
				<string>B342DC931AC23EC300ACAC53</string>
			</array>
			<key>defaultConfigurationIsVisible</key>
			<string>0</string>
			<key>defaultConfigurationName</key>
			<string>Release</string>
			<key>isa</key>
			<string>XCConfigurationList</string>
		</dict>
		<key>B342DC921AC23EC300ACAC53</key>
		<dict>
			<key>baseConfigurationReference</key>
			<string>71F5A01FFD736AB56CFCFD58</string>
			<key>buildSettings</key>
			<dict>
				<key>FRAMEWORK_SEARCH_PATHS</key>
				<array>
					<string>$(SDKROOT)/Developer/Library/Frameworks</string>
					<string>$(inherited)</string>
				</array>
				<key>GCC_PREPROCESSOR_DEFINITIONS</key>
				<array>
					<string>DEBUG=1</string>
					<string>$(inherited)</string>
					<string>FB_REFERENCE_IMAGE_DIR="\"$(SOURCE_ROOT)/$(PROJECT_NAME)ApplicationTests/ReferenceImages\""</string>
				</array>
				<key>INFOPLIST_FILE</key>
				<string>ComponentKitApplicationTests/ComponentKitApplicationTests-Info.plist</string>
				<key>LD_RUNPATH_SEARCH_PATHS</key>
				<string>$(inherited) @executable_path/Frameworks @loader_path/Frameworks</string>
				<key>PRODUCT_BUNDLE_IDENTIFIER</key>
				<string>org.componentkit.$(PRODUCT_NAME:rfc1034identifier)</string>
				<key>PRODUCT_NAME</key>
				<string>$(TARGET_NAME)</string>
				<key>TEST_HOST</key>
				<string>$(BUILT_PRODUCTS_DIR)/ComponentKit.app/ComponentKit</string>
			</dict>
			<key>isa</key>
			<string>XCBuildConfiguration</string>
			<key>name</key>
			<string>Debug</string>
		</dict>
		<key>B342DC931AC23EC300ACAC53</key>
		<dict>
			<key>baseConfigurationReference</key>
			<string>A6F27DD3FB8E2237F9C39DCE</string>
			<key>buildSettings</key>
			<dict>
				<key>FRAMEWORK_SEARCH_PATHS</key>
				<array>
					<string>$(SDKROOT)/Developer/Library/Frameworks</string>
					<string>$(inherited)</string>
				</array>
				<key>INFOPLIST_FILE</key>
				<string>ComponentKitApplicationTests/ComponentKitApplicationTests-Info.plist</string>
				<key>LD_RUNPATH_SEARCH_PATHS</key>
				<string>$(inherited) @executable_path/Frameworks @loader_path/Frameworks</string>
				<key>PRODUCT_BUNDLE_IDENTIFIER</key>
				<string>org.componentkit.$(PRODUCT_NAME:rfc1034identifier)</string>
				<key>PRODUCT_NAME</key>
				<string>$(TARGET_NAME)</string>
				<key>TEST_HOST</key>
				<string>$(BUILT_PRODUCTS_DIR)/ComponentKit.app/ComponentKit</string>
			</dict>
			<key>isa</key>
			<string>XCBuildConfiguration</string>
			<key>name</key>
			<string>Release</string>
		</dict>
		<key>B342DC941AC23ECB00ACAC53</key>
		<dict>
			<key>containerPortal</key>
			<string>B3EECEBA1AC2366500BFC5DA</string>
			<key>isa</key>
			<string>PBXContainerItemProxy</string>
			<key>proxyType</key>
			<string>1</string>
			<key>remoteGlobalIDString</key>
			<string>B3EECEC11AC2366600BFC5DA</string>
			<key>remoteInfo</key>
			<string>ComponentKit</string>
		</dict>
		<key>B342DC951AC23ECB00ACAC53</key>
		<dict>
			<key>isa</key>
			<string>PBXTargetDependency</string>
			<key>target</key>
			<string>B3EECEC11AC2366600BFC5DA</string>
			<key>targetProxy</key>
			<string>B342DC941AC23ECB00ACAC53</string>
		</dict>
		<key>B342DC961AC23EE800ACAC53</key>
		<dict>
			<key>fileEncoding</key>
			<string>4</string>
			<key>isa</key>
			<string>PBXFileReference</string>
			<key>lastKnownFileType</key>
			<string>sourcecode.cpp.objcpp</string>
			<key>path</key>
			<string>CKButtonComponentTests.mm</string>
			<key>sourceTree</key>
			<string>&lt;group&gt;</string>
		</dict>
		<key>B342DC971AC23EE800ACAC53</key>
		<dict>
			<key>fileEncoding</key>
			<string>4</string>
			<key>isa</key>
			<string>PBXFileReference</string>
			<key>lastKnownFileType</key>
			<string>sourcecode.cpp.objcpp</string>
			<key>path</key>
			<string>CKCenterLayoutComponentsTests.mm</string>
			<key>sourceTree</key>
			<string>&lt;group&gt;</string>
		</dict>
		<key>B342DC981AC23EE800ACAC53</key>
		<dict>
			<key>fileEncoding</key>
			<string>4</string>
			<key>isa</key>
			<string>PBXFileReference</string>
			<key>lastKnownFileType</key>
			<string>sourcecode.cpp.objcpp</string>
			<key>path</key>
			<string>CKInsetComponentTests.mm</string>
			<key>sourceTree</key>
			<string>&lt;group&gt;</string>
		</dict>
		<key>B342DC991AC23EE800ACAC53</key>
		<dict>
			<key>fileEncoding</key>
			<string>4</string>
			<key>isa</key>
			<string>PBXFileReference</string>
			<key>lastKnownFileType</key>
			<string>sourcecode.cpp.objcpp</string>
			<key>path</key>
			<string>CKNetworkImageComponentTests.mm</string>
			<key>sourceTree</key>
			<string>&lt;group&gt;</string>
		</dict>
		<key>B342DC9A1AC23EE800ACAC53</key>
		<dict>
			<key>fileEncoding</key>
			<string>4</string>
			<key>isa</key>
			<string>PBXFileReference</string>
			<key>lastKnownFileType</key>
			<string>sourcecode.cpp.objcpp</string>
			<key>path</key>
			<string>CKOverlayLayoutComponentTests.mm</string>
			<key>sourceTree</key>
			<string>&lt;group&gt;</string>
		</dict>
		<key>B342DC9B1AC23EE800ACAC53</key>
		<dict>
			<key>fileEncoding</key>
			<string>4</string>
			<key>isa</key>
			<string>PBXFileReference</string>
			<key>lastKnownFileType</key>
			<string>sourcecode.cpp.objcpp</string>
			<key>path</key>
			<string>CKRatioLayoutComponentTests.mm</string>
			<key>sourceTree</key>
			<string>&lt;group&gt;</string>
		</dict>
		<key>B342DC9C1AC23EE800ACAC53</key>
		<dict>
			<key>fileEncoding</key>
			<string>4</string>
			<key>isa</key>
			<string>PBXFileReference</string>
			<key>lastKnownFileType</key>
			<string>sourcecode.cpp.objcpp</string>
			<key>path</key>
			<string>CKStackLayoutComponentTests.mm</string>
			<key>sourceTree</key>
			<string>&lt;group&gt;</string>
		</dict>
		<key>B342DC9D1AC23EE800ACAC53</key>
		<dict>
			<key>fileEncoding</key>
			<string>4</string>
			<key>isa</key>
			<string>PBXFileReference</string>
			<key>lastKnownFileType</key>
			<string>text.plist.xml</string>
			<key>path</key>
			<string>ComponentKitApplicationTests-Info.plist</string>
			<key>sourceTree</key>
			<string>&lt;group&gt;</string>
		</dict>
		<key>B342DC9E1AC23EE800ACAC53</key>
		<dict>
			<key>fileRef</key>
			<string>B342DC961AC23EE800ACAC53</string>
			<key>isa</key>
			<string>PBXBuildFile</string>
		</dict>
		<key>B342DC9F1AC23EE800ACAC53</key>
		<dict>
			<key>fileRef</key>
			<string>B342DC971AC23EE800ACAC53</string>
			<key>isa</key>
			<string>PBXBuildFile</string>
		</dict>
		<key>B342DCA01AC23EE800ACAC53</key>
		<dict>
			<key>fileRef</key>
			<string>B342DC981AC23EE800ACAC53</string>
			<key>isa</key>
			<string>PBXBuildFile</string>
		</dict>
		<key>B342DCA11AC23EE800ACAC53</key>
		<dict>
			<key>fileRef</key>
			<string>B342DC991AC23EE800ACAC53</string>
			<key>isa</key>
			<string>PBXBuildFile</string>
		</dict>
		<key>B342DCA21AC23EE800ACAC53</key>
		<dict>
			<key>fileRef</key>
			<string>B342DC9A1AC23EE800ACAC53</string>
			<key>isa</key>
			<string>PBXBuildFile</string>
		</dict>
		<key>B342DCA31AC23EE800ACAC53</key>
		<dict>
			<key>fileRef</key>
			<string>B342DC9B1AC23EE800ACAC53</string>
			<key>isa</key>
			<string>PBXBuildFile</string>
		</dict>
		<key>B342DCA41AC23EE800ACAC53</key>
		<dict>
			<key>fileRef</key>
			<string>B342DC9C1AC23EE800ACAC53</string>
			<key>isa</key>
			<string>PBXBuildFile</string>
		</dict>
		<key>B342DCA61AC23F2A00ACAC53</key>
		<dict>
			<key>buildActionMask</key>
			<string>2147483647</string>
			<key>files</key>
			<array>
				<string>B342DCBD1AC23F5400ACAC53</string>
				<string>B342DCBB1AC23F5400ACAC53</string>
				<string>B342DCBA1AC23F5400ACAC53</string>
				<string>B342DCBC1AC23F5400ACAC53</string>
			</array>
			<key>isa</key>
			<string>PBXSourcesBuildPhase</string>
			<key>runOnlyForDeploymentPostprocessing</key>
			<string>0</string>
		</dict>
		<key>B342DCA71AC23F2A00ACAC53</key>
		<dict>
			<key>buildActionMask</key>
			<string>2147483647</string>
			<key>files</key>
			<array>
				<string>31EBF255C3C6127E5A3619D8</string>
			</array>
			<key>isa</key>
			<string>PBXFrameworksBuildPhase</string>
			<key>runOnlyForDeploymentPostprocessing</key>
			<string>0</string>
		</dict>
		<key>B342DCA81AC23F2A00ACAC53</key>
		<dict>
			<key>buildActionMask</key>
			<string>2147483647</string>
			<key>files</key>
			<array/>
			<key>isa</key>
			<string>PBXResourcesBuildPhase</string>
			<key>runOnlyForDeploymentPostprocessing</key>
			<string>0</string>
		</dict>
		<key>B342DCA91AC23F2A00ACAC53</key>
		<dict>
			<key>buildConfigurationList</key>
			<string>B342DCB01AC23F2A00ACAC53</string>
			<key>buildPhases</key>
			<array>
				<string>5F9B9EDB6FD2E2FDEC8F9EDC</string>
				<string>B342DCA61AC23F2A00ACAC53</string>
				<string>B342DCA71AC23F2A00ACAC53</string>
				<string>B342DCA81AC23F2A00ACAC53</string>
				<string>BE1884A0035950BBA8F21E32</string>
				<string>F610CE5828A9CE5960928CA7</string>
			</array>
			<key>buildRules</key>
			<array/>
			<key>dependencies</key>
			<array>
				<string>B342DCB41AC23F2E00ACAC53</string>
			</array>
			<key>isa</key>
			<string>PBXNativeTarget</string>
			<key>name</key>
			<string>ComponentTextKitApplicationTests</string>
			<key>productName</key>
			<string>ComponentTextKitApplicationTests</string>
			<key>productReference</key>
			<string>B342DCAA1AC23F2A00ACAC53</string>
			<key>productType</key>
			<string>com.apple.product-type.bundle.unit-test</string>
		</dict>
		<key>B342DCAA1AC23F2A00ACAC53</key>
		<dict>
			<key>explicitFileType</key>
			<string>wrapper.cfbundle</string>
			<key>includeInIndex</key>
			<string>0</string>
			<key>isa</key>
			<string>PBXFileReference</string>
			<key>path</key>
			<string>ComponentTextKitApplicationTests.xctest</string>
			<key>sourceTree</key>
			<string>BUILT_PRODUCTS_DIR</string>
		</dict>
		<key>B342DCAB1AC23F2A00ACAC53</key>
		<dict>
			<key>children</key>
			<array>
				<string>B342DCB51AC23F5400ACAC53</string>
				<string>B342DCB61AC23F5400ACAC53</string>
				<string>B342DCB71AC23F5400ACAC53</string>
				<string>B342DCB81AC23F5400ACAC53</string>
				<string>B342DCB91AC23F5400ACAC53</string>
			</array>
			<key>isa</key>
			<string>PBXGroup</string>
			<key>path</key>
			<string>ComponentTextKitApplicationTests</string>
			<key>sourceTree</key>
			<string>&lt;group&gt;</string>
		</dict>
		<key>B342DCB01AC23F2A00ACAC53</key>
		<dict>
			<key>buildConfigurations</key>
			<array>
				<string>B342DCB11AC23F2A00ACAC53</string>
				<string>B342DCB21AC23F2A00ACAC53</string>
			</array>
			<key>defaultConfigurationIsVisible</key>
			<string>0</string>
			<key>defaultConfigurationName</key>
			<string>Release</string>
			<key>isa</key>
			<string>XCConfigurationList</string>
		</dict>
		<key>B342DCB11AC23F2A00ACAC53</key>
		<dict>
			<key>baseConfigurationReference</key>
			<string>71F5A01FFD736AB56CFCFD58</string>
			<key>buildSettings</key>
			<dict>
				<key>FRAMEWORK_SEARCH_PATHS</key>
				<array>
					<string>$(SDKROOT)/Developer/Library/Frameworks</string>
					<string>$(inherited)</string>
				</array>
				<key>GCC_PREPROCESSOR_DEFINITIONS</key>
				<array>
					<string>DEBUG=1</string>
					<string>$(inherited)</string>
					<string>FB_REFERENCE_IMAGE_DIR="\"$(SOURCE_ROOT)/ComponentTextKitApplicationTests/ReferenceImages\""</string>
				</array>
				<key>INFOPLIST_FILE</key>
				<string>ComponentTextKitApplicationTests/ComponentTextKitApplicationTests-Info.plist</string>
				<key>LD_RUNPATH_SEARCH_PATHS</key>
				<string>$(inherited) @executable_path/Frameworks @loader_path/Frameworks</string>
				<key>PRODUCT_BUNDLE_IDENTIFIER</key>
				<string>org.componentkit.$(PRODUCT_NAME:rfc1034identifier)</string>
				<key>PRODUCT_NAME</key>
				<string>$(TARGET_NAME)</string>
				<key>TEST_HOST</key>
				<string>$(BUILT_PRODUCTS_DIR)/ComponentKit.app/ComponentKit</string>
			</dict>
			<key>isa</key>
			<string>XCBuildConfiguration</string>
			<key>name</key>
			<string>Debug</string>
		</dict>
		<key>B342DCB21AC23F2A00ACAC53</key>
		<dict>
			<key>baseConfigurationReference</key>
			<string>A6F27DD3FB8E2237F9C39DCE</string>
			<key>buildSettings</key>
			<dict>
				<key>FRAMEWORK_SEARCH_PATHS</key>
				<array>
					<string>$(SDKROOT)/Developer/Library/Frameworks</string>
					<string>$(inherited)</string>
				</array>
				<key>INFOPLIST_FILE</key>
				<string>ComponentTextKitApplicationTests/ComponentTextKitApplicationTests-Info.plist</string>
				<key>LD_RUNPATH_SEARCH_PATHS</key>
				<string>$(inherited) @executable_path/Frameworks @loader_path/Frameworks</string>
				<key>PRODUCT_BUNDLE_IDENTIFIER</key>
				<string>org.componentkit.$(PRODUCT_NAME:rfc1034identifier)</string>
				<key>PRODUCT_NAME</key>
				<string>$(TARGET_NAME)</string>
				<key>TEST_HOST</key>
				<string>$(BUILT_PRODUCTS_DIR)/ComponentKit.app/ComponentKit</string>
			</dict>
			<key>isa</key>
			<string>XCBuildConfiguration</string>
			<key>name</key>
			<string>Release</string>
		</dict>
		<key>B342DCB31AC23F2E00ACAC53</key>
		<dict>
			<key>containerPortal</key>
			<string>B3EECEBA1AC2366500BFC5DA</string>
			<key>isa</key>
			<string>PBXContainerItemProxy</string>
			<key>proxyType</key>
			<string>1</string>
			<key>remoteGlobalIDString</key>
			<string>B3EECEC11AC2366600BFC5DA</string>
			<key>remoteInfo</key>
			<string>ComponentKit</string>
		</dict>
		<key>B342DCB41AC23F2E00ACAC53</key>
		<dict>
			<key>isa</key>
			<string>PBXTargetDependency</string>
			<key>target</key>
			<string>B3EECEC11AC2366600BFC5DA</string>
			<key>targetProxy</key>
			<string>B342DCB31AC23F2E00ACAC53</string>
		</dict>
		<key>B342DCB51AC23F5400ACAC53</key>
		<dict>
			<key>fileEncoding</key>
			<string>4</string>
			<key>isa</key>
			<string>PBXFileReference</string>
			<key>lastKnownFileType</key>
			<string>sourcecode.cpp.objcpp</string>
			<key>path</key>
			<string>CKLabelComponentTests.mm</string>
			<key>sourceTree</key>
			<string>&lt;group&gt;</string>
		</dict>
		<key>B342DCB61AC23F5400ACAC53</key>
		<dict>
			<key>fileEncoding</key>
			<string>4</string>
			<key>isa</key>
			<string>PBXFileReference</string>
			<key>lastKnownFileType</key>
			<string>sourcecode.cpp.objcpp</string>
			<key>path</key>
			<string>CKTextComponentTests.mm</string>
			<key>sourceTree</key>
			<string>&lt;group&gt;</string>
		</dict>
		<key>B342DCB71AC23F5400ACAC53</key>
		<dict>
			<key>fileEncoding</key>
			<string>4</string>
			<key>isa</key>
			<string>PBXFileReference</string>
			<key>lastKnownFileType</key>
			<string>sourcecode.cpp.objcpp</string>
			<key>path</key>
			<string>CKTextKitTests.mm</string>
			<key>sourceTree</key>
			<string>&lt;group&gt;</string>
		</dict>
		<key>B342DCB81AC23F5400ACAC53</key>
		<dict>
			<key>fileEncoding</key>
			<string>4</string>
			<key>isa</key>
			<string>PBXFileReference</string>
			<key>lastKnownFileType</key>
			<string>sourcecode.cpp.objcpp</string>
			<key>path</key>
			<string>CKTextKitTruncationTests.mm</string>
			<key>sourceTree</key>
			<string>&lt;group&gt;</string>
		</dict>
		<key>B342DCB91AC23F5400ACAC53</key>
		<dict>
			<key>fileEncoding</key>
			<string>4</string>
			<key>isa</key>
			<string>PBXFileReference</string>
			<key>lastKnownFileType</key>
			<string>text.plist.xml</string>
			<key>path</key>
			<string>ComponentTextKitApplicationTests-Info.plist</string>
			<key>sourceTree</key>
			<string>&lt;group&gt;</string>
		</dict>
		<key>B342DCBA1AC23F5400ACAC53</key>
		<dict>
			<key>fileRef</key>
			<string>B342DCB51AC23F5400ACAC53</string>
			<key>isa</key>
			<string>PBXBuildFile</string>
		</dict>
		<key>B342DCBB1AC23F5400ACAC53</key>
		<dict>
			<key>fileRef</key>
			<string>B342DCB61AC23F5400ACAC53</string>
			<key>isa</key>
			<string>PBXBuildFile</string>
		</dict>
		<key>B342DCBC1AC23F5400ACAC53</key>
		<dict>
			<key>fileRef</key>
			<string>B342DCB71AC23F5400ACAC53</string>
			<key>isa</key>
			<string>PBXBuildFile</string>
		</dict>
		<key>B342DCBD1AC23F5400ACAC53</key>
		<dict>
			<key>fileRef</key>
			<string>B342DCB81AC23F5400ACAC53</string>
			<key>isa</key>
			<string>PBXBuildFile</string>
		</dict>
		<key>B342DCBF1AC2443F00ACAC53</key>
		<dict>
			<key>children</key>
			<array>
				<string>B342DCC01AC2444F00ACAC53</string>
				<string>B342DCC11AC2444F00ACAC53</string>
				<string>B342DCC21AC2444F00ACAC53</string>
				<string>B342DCC31AC2444F00ACAC53</string>
			</array>
			<key>isa</key>
			<string>PBXGroup</string>
			<key>name</key>
			<string>ComponentKitApplicationsTestsHost</string>
			<key>sourceTree</key>
			<string>&lt;group&gt;</string>
		</dict>
		<key>B342DCC01AC2444F00ACAC53</key>
		<dict>
			<key>fileEncoding</key>
			<string>4</string>
			<key>isa</key>
			<string>PBXFileReference</string>
			<key>lastKnownFileType</key>
			<string>text.plist.xml</string>
			<key>name</key>
			<string>ComponentKitApplicationTestsHost-Info.plist</string>
			<key>path</key>
			<string>ComponentKitApplicationTestsHost/ComponentKitApplicationTestsHost-Info.plist</string>
			<key>sourceTree</key>
			<string>&lt;group&gt;</string>
		</dict>
		<key>B342DCC11AC2444F00ACAC53</key>
		<dict>
			<key>fileEncoding</key>
			<string>4</string>
			<key>isa</key>
			<string>PBXFileReference</string>
			<key>lastKnownFileType</key>
			<string>sourcecode.c.h</string>
			<key>name</key>
			<string>ComponentKitApplicationTestsHostAppDelegate.h</string>
			<key>path</key>
			<string>ComponentKitApplicationTestsHost/ComponentKitApplicationTestsHostAppDelegate.h</string>
			<key>sourceTree</key>
			<string>&lt;group&gt;</string>
		</dict>
		<key>B342DCC21AC2444F00ACAC53</key>
		<dict>
			<key>fileEncoding</key>
			<string>4</string>
			<key>isa</key>
			<string>PBXFileReference</string>
			<key>lastKnownFileType</key>
			<string>sourcecode.c.objc</string>
			<key>name</key>
			<string>ComponentKitApplicationTestsHostAppDelegate.m</string>
			<key>path</key>
			<string>ComponentKitApplicationTestsHost/ComponentKitApplicationTestsHostAppDelegate.m</string>
			<key>sourceTree</key>
			<string>&lt;group&gt;</string>
		</dict>
		<key>B342DCC31AC2444F00ACAC53</key>
		<dict>
			<key>fileEncoding</key>
			<string>4</string>
			<key>isa</key>
			<string>PBXFileReference</string>
			<key>lastKnownFileType</key>
			<string>sourcecode.c.objc</string>
			<key>name</key>
			<string>main.m</string>
			<key>path</key>
			<string>ComponentKitApplicationTestsHost/main.m</string>
			<key>sourceTree</key>
			<string>&lt;group&gt;</string>
		</dict>
		<key>B342DCC51AC2444F00ACAC53</key>
		<dict>
			<key>fileRef</key>
			<string>B342DCC21AC2444F00ACAC53</string>
			<key>isa</key>
			<string>PBXBuildFile</string>
		</dict>
		<key>B342DCC61AC2444F00ACAC53</key>
		<dict>
			<key>fileRef</key>
			<string>B342DCC31AC2444F00ACAC53</string>
			<key>isa</key>
			<string>PBXBuildFile</string>
		</dict>
		<key>B3EECEB91AC2366500BFC5DA</key>
		<dict>
			<key>children</key>
			<array>
				<string>B342DCBF1AC2443F00ACAC53</string>
				<string>B342DC411AC23E8200ACAC53</string>
				<string>B342DC8C1AC23EC300ACAC53</string>
				<string>B342DCAB1AC23F2A00ACAC53</string>
				<string>A273801B1AFD144100E6F222</string>
				<string>B3EECEC31AC2366600BFC5DA</string>
				<string>9EC07CBC8F809ACF3EC95132</string>
				<string>7683E4B5CB30052819FB3185</string>
			</array>
			<key>isa</key>
			<string>PBXGroup</string>
			<key>sourceTree</key>
			<string>&lt;group&gt;</string>
		</dict>
		<key>B3EECEBA1AC2366500BFC5DA</key>
		<dict>
			<key>attributes</key>
			<dict>
				<key>LastUpgradeCheck</key>
				<string>0700</string>
				<key>TargetAttributes</key>
				<dict>
					<key>A27380191AFD144100E6F222</key>
					<dict>
						<key>CreatedOnToolsVersion</key>
						<string>6.3.1</string>
					</dict>
					<key>B342DC3F1AC23E8200ACAC53</key>
					<dict>
						<key>CreatedOnToolsVersion</key>
						<string>6.1</string>
					</dict>
					<key>B342DC8A1AC23EC300ACAC53</key>
					<dict>
						<key>CreatedOnToolsVersion</key>
						<string>6.1</string>
						<key>TestTargetID</key>
						<string>B3EECEC11AC2366600BFC5DA</string>
					</dict>
					<key>B342DCA91AC23F2A00ACAC53</key>
					<dict>
						<key>CreatedOnToolsVersion</key>
						<string>6.1</string>
						<key>TestTargetID</key>
						<string>B3EECEC11AC2366600BFC5DA</string>
					</dict>
					<key>B3EECEC11AC2366600BFC5DA</key>
					<dict>
						<key>CreatedOnToolsVersion</key>
						<string>6.1</string>
					</dict>
				</dict>
			</dict>
			<key>buildConfigurationList</key>
			<string>B3EECEBD1AC2366500BFC5DA</string>
			<key>compatibilityVersion</key>
			<string>Xcode 3.2</string>
			<key>developmentRegion</key>
			<string>English</string>
			<key>hasScannedForEncodings</key>
			<string>0</string>
			<key>isa</key>
			<string>PBXProject</string>
			<key>knownRegions</key>
			<array>
				<string>en</string>
				<string>Base</string>
			</array>
			<key>mainGroup</key>
			<string>B3EECEB91AC2366500BFC5DA</string>
			<key>productRefGroup</key>
			<string>B3EECEC31AC2366600BFC5DA</string>
			<key>projectDirPath</key>
			<string></string>
			<key>projectReferences</key>
			<array/>
			<key>projectRoot</key>
			<string></string>
			<key>targets</key>
			<array>
				<string>B3EECEC11AC2366600BFC5DA</string>
				<string>B342DC3F1AC23E8200ACAC53</string>
				<string>B342DC8A1AC23EC300ACAC53</string>
				<string>B342DCA91AC23F2A00ACAC53</string>
				<string>A27380191AFD144100E6F222</string>
			</array>
		</dict>
		<key>B3EECEBD1AC2366500BFC5DA</key>
		<dict>
			<key>buildConfigurations</key>
			<array>
				<string>B3EECEE31AC2366600BFC5DA</string>
				<string>B3EECEE41AC2366600BFC5DA</string>
			</array>
			<key>defaultConfigurationIsVisible</key>
			<string>0</string>
			<key>defaultConfigurationName</key>
			<string>Release</string>
			<key>isa</key>
			<string>XCConfigurationList</string>
		</dict>
		<key>B3EECEBE1AC2366600BFC5DA</key>
		<dict>
			<key>buildActionMask</key>
			<string>2147483647</string>
			<key>files</key>
			<array>
				<string>B342DCC61AC2444F00ACAC53</string>
				<string>B342DCC51AC2444F00ACAC53</string>
			</array>
			<key>isa</key>
			<string>PBXSourcesBuildPhase</string>
			<key>runOnlyForDeploymentPostprocessing</key>
			<string>0</string>
		</dict>
		<key>B3EECEBF1AC2366600BFC5DA</key>
		<dict>
			<key>buildActionMask</key>
			<string>2147483647</string>
			<key>files</key>
			<array/>
			<key>isa</key>
			<string>PBXFrameworksBuildPhase</string>
			<key>runOnlyForDeploymentPostprocessing</key>
			<string>0</string>
		</dict>
		<key>B3EECEC01AC2366600BFC5DA</key>
		<dict>
			<key>buildActionMask</key>
			<string>2147483647</string>
			<key>files</key>
			<array/>
			<key>isa</key>
			<string>PBXResourcesBuildPhase</string>
			<key>runOnlyForDeploymentPostprocessing</key>
			<string>0</string>
		</dict>
		<key>B3EECEC11AC2366600BFC5DA</key>
		<dict>
			<key>buildConfigurationList</key>
			<string>B3EECEE51AC2366600BFC5DA</string>
			<key>buildPhases</key>
			<array>
				<string>B3EECEBE1AC2366600BFC5DA</string>
				<string>B3EECEBF1AC2366600BFC5DA</string>
				<string>B3EECEC01AC2366600BFC5DA</string>
			</array>
			<key>buildRules</key>
			<array/>
			<key>dependencies</key>
			<array/>
			<key>isa</key>
			<string>PBXNativeTarget</string>
			<key>name</key>
			<string>ComponentKit</string>
			<key>productName</key>
			<string>ComponentKit</string>
			<key>productReference</key>
			<string>B3EECEC21AC2366600BFC5DA</string>
			<key>productType</key>
			<string>com.apple.product-type.application</string>
		</dict>
		<key>B3EECEC21AC2366600BFC5DA</key>
		<dict>
			<key>explicitFileType</key>
			<string>wrapper.application</string>
			<key>includeInIndex</key>
			<string>0</string>
			<key>isa</key>
			<string>PBXFileReference</string>
			<key>path</key>
			<string>ComponentKit.app</string>
			<key>sourceTree</key>
			<string>BUILT_PRODUCTS_DIR</string>
		</dict>
		<key>B3EECEC31AC2366600BFC5DA</key>
		<dict>
			<key>children</key>
			<array>
				<string>B3EECEC21AC2366600BFC5DA</string>
				<string>B342DC401AC23E8200ACAC53</string>
				<string>B342DC8B1AC23EC300ACAC53</string>
				<string>B342DCAA1AC23F2A00ACAC53</string>
				<string>A273801A1AFD144100E6F222</string>
			</array>
			<key>isa</key>
			<string>PBXGroup</string>
			<key>name</key>
			<string>Products</string>
			<key>sourceTree</key>
			<string>&lt;group&gt;</string>
		</dict>
		<key>B3EECEE31AC2366600BFC5DA</key>
		<dict>
			<key>buildSettings</key>
			<dict>
				<key>ALWAYS_SEARCH_USER_PATHS</key>
				<string>NO</string>
				<key>CLANG_CXX_LANGUAGE_STANDARD</key>
				<string>gnu++0x</string>
				<key>CLANG_CXX_LIBRARY</key>
				<string>libc++</string>
				<key>CLANG_ENABLE_MODULES</key>
				<string>YES</string>
				<key>CLANG_ENABLE_OBJC_ARC</key>
				<string>YES</string>
				<key>CLANG_WARN_BOOL_CONVERSION</key>
				<string>YES</string>
				<key>CLANG_WARN_CONSTANT_CONVERSION</key>
				<string>YES</string>
				<key>CLANG_WARN_DIRECT_OBJC_ISA_USAGE</key>
				<string>YES_ERROR</string>
				<key>CLANG_WARN_EMPTY_BODY</key>
				<string>YES</string>
				<key>CLANG_WARN_ENUM_CONVERSION</key>
				<string>YES</string>
				<key>CLANG_WARN_INT_CONVERSION</key>
				<string>YES</string>
				<key>CLANG_WARN_OBJC_ROOT_CLASS</key>
				<string>YES_ERROR</string>
				<key>CLANG_WARN_UNREACHABLE_CODE</key>
				<string>YES</string>
				<key>CLANG_WARN__DUPLICATE_METHOD_MATCH</key>
				<string>YES</string>
				<key>CODE_SIGN_IDENTITY[sdk=iphoneos*]</key>
				<string>iPhone Developer</string>
				<key>COPY_PHASE_STRIP</key>
				<string>NO</string>
				<key>ENABLE_STRICT_OBJC_MSGSEND</key>
				<string>YES</string>
				<key>ENABLE_TESTABILITY</key>
				<string>YES</string>
				<key>GCC_C_LANGUAGE_STANDARD</key>
				<string>gnu99</string>
				<key>GCC_DYNAMIC_NO_PIC</key>
				<string>NO</string>
				<key>GCC_OPTIMIZATION_LEVEL</key>
				<string>0</string>
				<key>GCC_PREPROCESSOR_DEFINITIONS</key>
				<array>
					<string>DEBUG=1</string>
					<string>$(inherited)</string>
				</array>
				<key>GCC_SYMBOLS_PRIVATE_EXTERN</key>
				<string>NO</string>
				<key>GCC_WARN_64_TO_32_BIT_CONVERSION</key>
				<string>YES</string>
				<key>GCC_WARN_ABOUT_RETURN_TYPE</key>
				<string>YES_ERROR</string>
				<key>GCC_WARN_UNDECLARED_SELECTOR</key>
				<string>YES</string>
				<key>GCC_WARN_UNINITIALIZED_AUTOS</key>
				<string>YES_AGGRESSIVE</string>
				<key>GCC_WARN_UNUSED_FUNCTION</key>
				<string>YES</string>
				<key>GCC_WARN_UNUSED_VARIABLE</key>
				<string>YES</string>
				<key>IPHONEOS_DEPLOYMENT_TARGET</key>
				<string>8.1</string>
				<key>MTL_ENABLE_DEBUG_INFO</key>
				<string>YES</string>
				<key>ONLY_ACTIVE_ARCH</key>
				<string>YES</string>
				<key>SDKROOT</key>
				<string>iphoneos</string>
			</dict>
			<key>isa</key>
			<string>XCBuildConfiguration</string>
			<key>name</key>
			<string>Debug</string>
		</dict>
		<key>B3EECEE41AC2366600BFC5DA</key>
		<dict>
			<key>buildSettings</key>
			<dict>
				<key>ALWAYS_SEARCH_USER_PATHS</key>
				<string>NO</string>
				<key>CLANG_CXX_LANGUAGE_STANDARD</key>
				<string>gnu++0x</string>
				<key>CLANG_CXX_LIBRARY</key>
				<string>libc++</string>
				<key>CLANG_ENABLE_MODULES</key>
				<string>YES</string>
				<key>CLANG_ENABLE_OBJC_ARC</key>
				<string>YES</string>
				<key>CLANG_WARN_BOOL_CONVERSION</key>
				<string>YES</string>
				<key>CLANG_WARN_CONSTANT_CONVERSION</key>
				<string>YES</string>
				<key>CLANG_WARN_DIRECT_OBJC_ISA_USAGE</key>
				<string>YES_ERROR</string>
				<key>CLANG_WARN_EMPTY_BODY</key>
				<string>YES</string>
				<key>CLANG_WARN_ENUM_CONVERSION</key>
				<string>YES</string>
				<key>CLANG_WARN_INT_CONVERSION</key>
				<string>YES</string>
				<key>CLANG_WARN_OBJC_ROOT_CLASS</key>
				<string>YES_ERROR</string>
				<key>CLANG_WARN_UNREACHABLE_CODE</key>
				<string>YES</string>
				<key>CLANG_WARN__DUPLICATE_METHOD_MATCH</key>
				<string>YES</string>
				<key>CODE_SIGN_IDENTITY[sdk=iphoneos*]</key>
				<string>iPhone Developer</string>
				<key>COPY_PHASE_STRIP</key>
				<string>YES</string>
				<key>ENABLE_NS_ASSERTIONS</key>
				<string>NO</string>
				<key>ENABLE_STRICT_OBJC_MSGSEND</key>
				<string>YES</string>
				<key>GCC_C_LANGUAGE_STANDARD</key>
				<string>gnu99</string>
				<key>GCC_WARN_64_TO_32_BIT_CONVERSION</key>
				<string>YES</string>
				<key>GCC_WARN_ABOUT_RETURN_TYPE</key>
				<string>YES_ERROR</string>
				<key>GCC_WARN_UNDECLARED_SELECTOR</key>
				<string>YES</string>
				<key>GCC_WARN_UNINITIALIZED_AUTOS</key>
				<string>YES_AGGRESSIVE</string>
				<key>GCC_WARN_UNUSED_FUNCTION</key>
				<string>YES</string>
				<key>GCC_WARN_UNUSED_VARIABLE</key>
				<string>YES</string>
				<key>IPHONEOS_DEPLOYMENT_TARGET</key>
				<string>8.1</string>
				<key>MTL_ENABLE_DEBUG_INFO</key>
				<string>NO</string>
				<key>SDKROOT</key>
				<string>iphoneos</string>
				<key>VALIDATE_PRODUCT</key>
				<string>YES</string>
			</dict>
			<key>isa</key>
			<string>XCBuildConfiguration</string>
			<key>name</key>
			<string>Release</string>
		</dict>
		<key>B3EECEE51AC2366600BFC5DA</key>
		<dict>
			<key>buildConfigurations</key>
			<array>
				<string>B3EECEE61AC2366600BFC5DA</string>
				<string>B3EECEE71AC2366600BFC5DA</string>
			</array>
			<key>defaultConfigurationIsVisible</key>
			<string>0</string>
			<key>defaultConfigurationName</key>
			<string>Release</string>
			<key>isa</key>
			<string>XCConfigurationList</string>
		</dict>
		<key>B3EECEE61AC2366600BFC5DA</key>
		<dict>
			<key>buildSettings</key>
			<dict>
				<key>ASSETCATALOG_COMPILER_APPICON_NAME</key>
				<string>AppIcon</string>
				<key>CLANG_WARN_ASSIGN_ENUM</key>
				<string>YES</string>
				<key>CLANG_WARN_CXX0X_EXTENSIONS</key>
				<string>YES</string>
				<key>CLANG_WARN_DEPRECATED_OBJC_IMPLEMENTATIONS</key>
				<string>YES</string>
				<key>CLANG_WARN_IMPLICIT_SIGN_CONVERSION</key>
				<string>YES</string>
				<key>CLANG_WARN_OBJC_EXPLICIT_OWNERSHIP_TYPE</key>
				<string>YES</string>
				<key>CLANG_WARN_OBJC_IMPLICIT_ATOMIC_PROPERTIES</key>
				<string>YES</string>
				<key>CLANG_WARN_OBJC_IMPLICIT_RETAIN_SELF</key>
				<string>YES</string>
				<key>CLANG_WARN_OBJC_RECEIVER_WEAK</key>
				<string>YES</string>
				<key>CLANG_WARN_OBJC_REPEATED_USE_OF_WEAK</key>
				<string>YES</string>
				<key>CLANG_WARN_SUSPICIOUS_IMPLICIT_CONVERSION</key>
				<string>YES</string>
				<key>CLANG_WARN__EXIT_TIME_DESTRUCTORS</key>
				<string>YES</string>
				<key>GCC_TREAT_IMPLICIT_FUNCTION_DECLARATIONS_AS_ERRORS</key>
				<string>YES</string>
				<key>GCC_TREAT_INCOMPATIBLE_POINTER_TYPE_WARNINGS_AS_ERRORS</key>
				<string>YES</string>
				<key>GCC_TREAT_WARNINGS_AS_ERRORS</key>
				<string>YES</string>
				<key>GCC_WARN_ABOUT_MISSING_FIELD_INITIALIZERS</key>
				<string>YES</string>
				<key>GCC_WARN_ABOUT_MISSING_NEWLINE</key>
				<string>YES</string>
				<key>GCC_WARN_ABOUT_MISSING_PROTOTYPES</key>
				<string>YES</string>
				<key>GCC_WARN_HIDDEN_VIRTUAL_FUNCTIONS</key>
				<string>YES</string>
				<key>GCC_WARN_INITIALIZER_NOT_FULLY_BRACKETED</key>
				<string>YES</string>
				<key>GCC_WARN_MULTIPLE_DEFINITION_TYPES_FOR_SELECTOR</key>
				<string>YES</string>
				<key>GCC_WARN_NON_VIRTUAL_DESTRUCTOR</key>
				<string>YES</string>
				<key>GCC_WARN_SHADOW</key>
				<string>YES</string>
				<key>GCC_WARN_SIGN_COMPARE</key>
				<string>YES</string>
				<key>GCC_WARN_STRICT_SELECTOR_MATCH</key>
				<string>YES</string>
				<key>GCC_WARN_UNKNOWN_PRAGMAS</key>
				<string>YES</string>
				<key>GCC_WARN_UNUSED_LABEL</key>
				<string>YES</string>
				<key>GCC_WARN_UNUSED_PARAMETER</key>
				<string>YES</string>
				<key>INFOPLIST_FILE</key>
				<string>ComponentKitApplicationTestsHost/ComponentKitApplicationTestsHost-Info.plist</string>
				<key>LD_RUNPATH_SEARCH_PATHS</key>
				<string>$(inherited) @executable_path/Frameworks</string>
				<key>PRODUCT_BUNDLE_IDENTIFIER</key>
				<string>org.componentkit.$(PRODUCT_NAME:rfc1034identifier)</string>
				<key>PRODUCT_NAME</key>
				<string>$(TARGET_NAME)</string>
			</dict>
			<key>isa</key>
			<string>XCBuildConfiguration</string>
			<key>name</key>
			<string>Debug</string>
		</dict>
		<key>B3EECEE71AC2366600BFC5DA</key>
		<dict>
			<key>buildSettings</key>
			<dict>
				<key>ASSETCATALOG_COMPILER_APPICON_NAME</key>
				<string>AppIcon</string>
				<key>CLANG_WARN_ASSIGN_ENUM</key>
				<string>YES</string>
				<key>CLANG_WARN_CXX0X_EXTENSIONS</key>
				<string>YES</string>
				<key>CLANG_WARN_DEPRECATED_OBJC_IMPLEMENTATIONS</key>
				<string>YES</string>
				<key>CLANG_WARN_IMPLICIT_SIGN_CONVERSION</key>
				<string>YES</string>
				<key>CLANG_WARN_OBJC_EXPLICIT_OWNERSHIP_TYPE</key>
				<string>YES</string>
				<key>CLANG_WARN_OBJC_IMPLICIT_ATOMIC_PROPERTIES</key>
				<string>YES</string>
				<key>CLANG_WARN_OBJC_IMPLICIT_RETAIN_SELF</key>
				<string>YES</string>
				<key>CLANG_WARN_OBJC_RECEIVER_WEAK</key>
				<string>YES</string>
				<key>CLANG_WARN_OBJC_REPEATED_USE_OF_WEAK</key>
				<string>YES</string>
				<key>CLANG_WARN_SUSPICIOUS_IMPLICIT_CONVERSION</key>
				<string>YES</string>
				<key>CLANG_WARN__EXIT_TIME_DESTRUCTORS</key>
				<string>YES</string>
				<key>GCC_TREAT_IMPLICIT_FUNCTION_DECLARATIONS_AS_ERRORS</key>
				<string>YES</string>
				<key>GCC_TREAT_INCOMPATIBLE_POINTER_TYPE_WARNINGS_AS_ERRORS</key>
				<string>YES</string>
				<key>GCC_TREAT_WARNINGS_AS_ERRORS</key>
				<string>YES</string>
				<key>GCC_WARN_ABOUT_MISSING_FIELD_INITIALIZERS</key>
				<string>YES</string>
				<key>GCC_WARN_ABOUT_MISSING_NEWLINE</key>
				<string>YES</string>
				<key>GCC_WARN_ABOUT_MISSING_PROTOTYPES</key>
				<string>YES</string>
				<key>GCC_WARN_HIDDEN_VIRTUAL_FUNCTIONS</key>
				<string>YES</string>
				<key>GCC_WARN_INITIALIZER_NOT_FULLY_BRACKETED</key>
				<string>YES</string>
				<key>GCC_WARN_MULTIPLE_DEFINITION_TYPES_FOR_SELECTOR</key>
				<string>YES</string>
				<key>GCC_WARN_NON_VIRTUAL_DESTRUCTOR</key>
				<string>YES</string>
				<key>GCC_WARN_SHADOW</key>
				<string>YES</string>
				<key>GCC_WARN_SIGN_COMPARE</key>
				<string>YES</string>
				<key>GCC_WARN_STRICT_SELECTOR_MATCH</key>
				<string>YES</string>
				<key>GCC_WARN_UNKNOWN_PRAGMAS</key>
				<string>YES</string>
				<key>GCC_WARN_UNUSED_LABEL</key>
				<string>YES</string>
				<key>GCC_WARN_UNUSED_PARAMETER</key>
				<string>YES</string>
				<key>INFOPLIST_FILE</key>
				<string>ComponentKitApplicationTestsHost/ComponentKitApplicationTestsHost-Info.plist</string>
				<key>LD_RUNPATH_SEARCH_PATHS</key>
				<string>$(inherited) @executable_path/Frameworks</string>
				<key>PRODUCT_BUNDLE_IDENTIFIER</key>
				<string>org.componentkit.$(PRODUCT_NAME:rfc1034identifier)</string>
				<key>PRODUCT_NAME</key>
				<string>$(TARGET_NAME)</string>
			</dict>
			<key>isa</key>
			<string>XCBuildConfiguration</string>
			<key>name</key>
			<string>Release</string>
		</dict>
		<key>BD8D95429A0D918C06B66E5F</key>
		<dict>
			<key>explicitFileType</key>
			<string>archive.ar</string>
			<key>includeInIndex</key>
			<string>0</string>
			<key>isa</key>
			<string>PBXFileReference</string>
			<key>path</key>
			<string>libPods.a</string>
			<key>sourceTree</key>
			<string>BUILT_PRODUCTS_DIR</string>
		</dict>
		<key>BE1884A0035950BBA8F21E32</key>
		<dict>
			<key>buildActionMask</key>
			<string>2147483647</string>
			<key>files</key>
			<array/>
			<key>inputPaths</key>
			<array/>
			<key>isa</key>
			<string>PBXShellScriptBuildPhase</string>
			<key>name</key>
			<string>Copy Pods Resources</string>
			<key>outputPaths</key>
			<array/>
			<key>runOnlyForDeploymentPostprocessing</key>
			<string>0</string>
			<key>shellPath</key>
			<string>/bin/sh</string>
			<key>shellScript</key>
			<string>"${SRCROOT}/Pods/Target Support Files/Pods/Pods-resources.sh"
</string>
			<key>showEnvVarsInLog</key>
			<string>0</string>
		</dict>
		<key>F164D146BCBE370EFFEAB3CC</key>
		<dict>
			<key>buildActionMask</key>
			<string>2147483647</string>
			<key>files</key>
			<array/>
			<key>inputPaths</key>
			<array/>
			<key>isa</key>
			<string>PBXShellScriptBuildPhase</string>
			<key>name</key>
			<string>Embed Pods Frameworks</string>
			<key>outputPaths</key>
			<array/>
			<key>runOnlyForDeploymentPostprocessing</key>
			<string>0</string>
			<key>shellPath</key>
			<string>/bin/sh</string>
			<key>shellScript</key>
			<string>"${SRCROOT}/Pods/Target Support Files/Pods/Pods-frameworks.sh"
</string>
			<key>showEnvVarsInLog</key>
			<string>0</string>
		</dict>
		<key>F610CE5828A9CE5960928CA7</key>
		<dict>
			<key>buildActionMask</key>
			<string>2147483647</string>
			<key>files</key>
			<array/>
			<key>inputPaths</key>
			<array/>
			<key>isa</key>
			<string>PBXShellScriptBuildPhase</string>
			<key>name</key>
			<string>Embed Pods Frameworks</string>
			<key>outputPaths</key>
			<array/>
			<key>runOnlyForDeploymentPostprocessing</key>
			<string>0</string>
			<key>shellPath</key>
			<string>/bin/sh</string>
			<key>shellScript</key>
			<string>"${SRCROOT}/Pods/Target Support Files/Pods/Pods-frameworks.sh"
</string>
			<key>showEnvVarsInLog</key>
			<string>0</string>
		</dict>
	</dict>
	<key>rootObject</key>
	<string>B3EECEBA1AC2366500BFC5DA</string>
</dict>
</plist>
