// !$*UTF8*$!
{
	archiveVersion = 1;
	classes = {
	};
	objectVersion = 46;
	objects = {

/* Begin PBXBuildFile section */
		A2BC94DC1AC235A60043B82F /* QuoteComponent.mm in Sources */ = {isa = PBXBuildFile; fileRef = A2BC94DB1AC235A60043B82F /* QuoteComponent.mm */; };
		B34FB9761ABE8BA300D2D896 /* AppDelegate.m in Sources */ = {isa = PBXBuildFile; fileRef = B34FB95B1ABE8BA300D2D896 /* AppDelegate.m */; };
		B34FB9771ABE8BA300D2D896 /* FrostedQuoteComponent.mm in Sources */ = {isa = PBXBuildFile; fileRef = B34FB95E1ABE8BA300D2D896 /* FrostedQuoteComponent.mm */; };
		B34FB9781ABE8BA300D2D896 /* InteractiveQuoteComponent.mm in Sources */ = {isa = PBXBuildFile; fileRef = B34FB9601ABE8BA300D2D896 /* InteractiveQuoteComponent.mm */; };
		B34FB9791ABE8BA300D2D896 /* MonochromeQuoteComponent.mm in Sources */ = {isa = PBXBuildFile; fileRef = B34FB9621ABE8BA300D2D896 /* MonochromeQuoteComponent.mm */; };
		B34FB97A1ABE8BA300D2D896 /* QuoteWithBackgroundComponent.mm in Sources */ = {isa = PBXBuildFile; fileRef = B34FB9641ABE8BA300D2D896 /* QuoteWithBackgroundComponent.mm */; };
		B34FB97B1ABE8BA300D2D896 /* SombreQuoteComponent.mm in Sources */ = {isa = PBXBuildFile; fileRef = B34FB9661ABE8BA300D2D896 /* SombreQuoteComponent.mm */; };
		B34FB97C1ABE8BA300D2D896 /* SuccessIndicatorComponent.mm in Sources */ = {isa = PBXBuildFile; fileRef = B34FB9681ABE8BA300D2D896 /* SuccessIndicatorComponent.mm */; };
		B34FB97D1ABE8BA300D2D896 /* WarmQuoteComponent.mm in Sources */ = {isa = PBXBuildFile; fileRef = B34FB96A1ABE8BA300D2D896 /* WarmQuoteComponent.mm */; };
		B34FB97E1ABE8BA300D2D896 /* Quote.m in Sources */ = {isa = PBXBuildFile; fileRef = B34FB96C1ABE8BA300D2D896 /* Quote.m */; };
		B34FB97F1ABE8BA300D2D896 /* QuoteContext.mm in Sources */ = {isa = PBXBuildFile; fileRef = B34FB96E1ABE8BA300D2D896 /* QuoteContext.mm */; };
		B34FB9801ABE8BA300D2D896 /* QuoteModelController.mm in Sources */ = {isa = PBXBuildFile; fileRef = B34FB9711ABE8BA300D2D896 /* QuoteModelController.mm */; };
		B34FB9811ABE8BA300D2D896 /* QuotesPage.m in Sources */ = {isa = PBXBuildFile; fileRef = B34FB9731ABE8BA300D2D896 /* QuotesPage.m */; };
		B34FB9821ABE8BA300D2D896 /* WildeGuessCollectionViewController.mm in Sources */ = {isa = PBXBuildFile; fileRef = B34FB9751ABE8BA300D2D896 /* WildeGuessCollectionViewController.mm */; };
		B34FB9841ABE8BB000D2D896 /* main.m in Sources */ = {isa = PBXBuildFile; fileRef = B34FB9831ABE8BB000D2D896 /* main.m */; };
		B3E848D11ABE848900377D52 /* Images.xcassets in Resources */ = {isa = PBXBuildFile; fileRef = B3E848D01ABE848900377D52 /* Images.xcassets */; };
		D43188C123E209BE0024AA12 /* ComponentKit.framework in Frameworks */ = {isa = PBXBuildFile; fileRef = D093266D1CC4647700CFEBC4 /* ComponentKit.framework */; };
		D43188C223E209BE0024AA12 /* ComponentKit.framework in Embed Frameworks */ = {isa = PBXBuildFile; fileRef = D093266D1CC4647700CFEBC4 /* ComponentKit.framework */; settings = {ATTRIBUTES = (CodeSignOnCopy, RemoveHeadersOnCopy, ); }; };
		D43188C423E209C40024AA12 /* RenderCore.framework in Frameworks */ = {isa = PBXBuildFile; fileRef = D43187DC23E2011C0024AA12 /* RenderCore.framework */; };
		D43188C523E209C40024AA12 /* RenderCore.framework in Embed Frameworks */ = {isa = PBXBuildFile; fileRef = D43187DC23E2011C0024AA12 /* RenderCore.framework */; settings = {ATTRIBUTES = (CodeSignOnCopy, RemoveHeadersOnCopy, ); }; };
		D44CF6AC23E1D0E50056039B /* Swift.swift in Sources */ = {isa = PBXBuildFile; fileRef = D44CF6AB23E1D0E50056039B /* Swift.swift */; };
		D4BC57BC23E384050075D688 /* CKSwift.framework in Frameworks */ = {isa = PBXBuildFile; fileRef = D4BC57B923E384050075D688 /* CKSwift.framework */; };
		D4BC57BD23E384050075D688 /* CKSwift.framework in Embed Frameworks */ = {isa = PBXBuildFile; fileRef = D4BC57B923E384050075D688 /* CKSwift.framework */; settings = {ATTRIBUTES = (CodeSignOnCopy, RemoveHeadersOnCopy, ); }; };
/* End PBXBuildFile section */

/* Begin PBXContainerItemProxy section */
		40953BEB22AA2A54006A8511 /* PBXContainerItemProxy */ = {
			isa = PBXContainerItemProxy;
			containerPortal = D0B47DC41CBDAFFF00BB33CE /* ComponentKit.xcodeproj */;
			proxyType = 2;
			remoteGlobalIDString = 03B8B56A1D2A346F00EDFF59;
			remoteInfo = ComponentKitAppleTV;
		};
		40953BED22AA2A54006A8511 /* PBXContainerItemProxy */ = {
			isa = PBXContainerItemProxy;
			containerPortal = D0B47DC41CBDAFFF00BB33CE /* ComponentKit.xcodeproj */;
			proxyType = 2;
			remoteGlobalIDString = 03A98A721D2B2BFD00C5BAC2;
			remoteInfo = ComponentKitTestHelpersAppleTV;
		};
		40953BEF22AA2A54006A8511 /* PBXContainerItemProxy */ = {
			isa = PBXContainerItemProxy;
			containerPortal = D0B47DC41CBDAFFF00BB33CE /* ComponentKit.xcodeproj */;
			proxyType = 2;
			remoteGlobalIDString = 03F1AC061D2B2A9B00867584;
			remoteInfo = ComponentKitTestsAppleTV;
		};
		D093266C1CC4647700CFEBC4 /* PBXContainerItemProxy */ = {
			isa = PBXContainerItemProxy;
			containerPortal = D0B47DC41CBDAFFF00BB33CE /* ComponentKit.xcodeproj */;
			proxyType = 2;
			remoteGlobalIDString = D0B47AB51CBD924100BB33CE;
			remoteInfo = ComponentKit;
		};
		D093266E1CC4647700CFEBC4 /* PBXContainerItemProxy */ = {
			isa = PBXContainerItemProxy;
			containerPortal = D0B47DC41CBDAFFF00BB33CE /* ComponentKit.xcodeproj */;
			proxyType = 2;
			remoteGlobalIDString = B3EECEC21AC2366600BFC5DA;
			remoteInfo = ComponentKitApplicationsTestsHost;
		};
		D09326701CC4647700CFEBC4 /* PBXContainerItemProxy */ = {
			isa = PBXContainerItemProxy;
			containerPortal = D0B47DC41CBDAFFF00BB33CE /* ComponentKit.xcodeproj */;
			proxyType = 2;
			remoteGlobalIDString = B342DC401AC23E8200ACAC53;
			remoteInfo = ComponentKitTests;
		};
		D09326721CC4647700CFEBC4 /* PBXContainerItemProxy */ = {
			isa = PBXContainerItemProxy;
			containerPortal = D0B47DC41CBDAFFF00BB33CE /* ComponentKit.xcodeproj */;
			proxyType = 2;
			remoteGlobalIDString = B342DC8B1AC23EC300ACAC53;
			remoteInfo = ComponentKitApplicationTests;
		};
		D09326741CC4647700CFEBC4 /* PBXContainerItemProxy */ = {
			isa = PBXContainerItemProxy;
			containerPortal = D0B47DC41CBDAFFF00BB33CE /* ComponentKit.xcodeproj */;
			proxyType = 2;
			remoteGlobalIDString = B342DCAA1AC23F2A00ACAC53;
			remoteInfo = ComponentTextKitApplicationTests;
		};
		D09326761CC4647700CFEBC4 /* PBXContainerItemProxy */ = {
			isa = PBXContainerItemProxy;
			containerPortal = D0B47DC41CBDAFFF00BB33CE /* ComponentKit.xcodeproj */;
			proxyType = 2;
			remoteGlobalIDString = A273801A1AFD144100E6F222;
			remoteInfo = ComponentKitTestHelpers;
		};
		D43187DB23E2011C0024AA12 /* PBXContainerItemProxy */ = {
			isa = PBXContainerItemProxy;
			containerPortal = D0B47DC41CBDAFFF00BB33CE /* ComponentKit.xcodeproj */;
			proxyType = 2;
			remoteGlobalIDString = D48293D823DF9EEB00017D94;
			remoteInfo = RenderCore;
		};
		D43187DD23E2011C0024AA12 /* PBXContainerItemProxy */ = {
			isa = PBXContainerItemProxy;
			containerPortal = D0B47DC41CBDAFFF00BB33CE /* ComponentKit.xcodeproj */;
			proxyType = 2;
			remoteGlobalIDString = D48293FA23DF9F4100017D94;
			remoteInfo = RenderCoreAppleTV;
		};
		D44CF6A223E1CFFA0056039B /* PBXContainerItemProxy */ = {
			isa = PBXContainerItemProxy;
			containerPortal = D0B47DC41CBDAFFF00BB33CE /* ComponentKit.xcodeproj */;
			proxyType = 2;
			remoteGlobalIDString = A1AB4FED23350E45001F41DB;
			remoteInfo = ComponentKitPerfTests;
		};
		D4BC57B823E384050075D688 /* PBXContainerItemProxy */ = {
			isa = PBXContainerItemProxy;
			containerPortal = D0B47DC41CBDAFFF00BB33CE /* ComponentKit.xcodeproj */;
			proxyType = 2;
			remoteGlobalIDString = D4BC578023E37A1B0075D688;
			remoteInfo = CKSwift;
		};
		D4BC57BA23E384050075D688 /* PBXContainerItemProxy */ = {
			isa = PBXContainerItemProxy;
			containerPortal = D0B47DC41CBDAFFF00BB33CE /* ComponentKit.xcodeproj */;
			proxyType = 2;
			remoteGlobalIDString = D4BC578823E37A1B0075D688;
			remoteInfo = CKSwiftTests;
		};
/* End PBXContainerItemProxy section */

/* Begin PBXCopyFilesBuildPhase section */
		D43188C323E209BF0024AA12 /* Embed Frameworks */ = {
			isa = PBXCopyFilesBuildPhase;
			buildActionMask = 2147483647;
			dstPath = "";
			dstSubfolderSpec = 10;
			files = (
				D43188C223E209BE0024AA12 /* ComponentKit.framework in Embed Frameworks */,
				D4BC57BD23E384050075D688 /* CKSwift.framework in Embed Frameworks */,
				D43188C523E209C40024AA12 /* RenderCore.framework in Embed Frameworks */,
			);
			name = "Embed Frameworks";
			runOnlyForDeploymentPostprocessing = 0;
		};
/* End PBXCopyFilesBuildPhase section */

/* Begin PBXFileReference section */
		A2BC94DA1AC235A60043B82F /* QuoteComponent.h */ = {isa = PBXFileReference; fileEncoding = 4; lastKnownFileType = sourcecode.c.h; path = QuoteComponent.h; sourceTree = "<group>"; };
		A2BC94DB1AC235A60043B82F /* QuoteComponent.mm */ = {isa = PBXFileReference; fileEncoding = 4; lastKnownFileType = sourcecode.cpp.objcpp; path = QuoteComponent.mm; sourceTree = "<group>"; };
		B34FB95A1ABE8BA300D2D896 /* AppDelegate.h */ = {isa = PBXFileReference; fileEncoding = 4; lastKnownFileType = sourcecode.c.h; path = AppDelegate.h; sourceTree = "<group>"; };
		B34FB95B1ABE8BA300D2D896 /* AppDelegate.m */ = {isa = PBXFileReference; explicitFileType = sourcecode.c.objc; fileEncoding = 4; path = AppDelegate.m; sourceTree = "<group>"; };
		B34FB95D1ABE8BA300D2D896 /* FrostedQuoteComponent.h */ = {isa = PBXFileReference; fileEncoding = 4; lastKnownFileType = sourcecode.c.h; path = FrostedQuoteComponent.h; sourceTree = "<group>"; };
		B34FB95E1ABE8BA300D2D896 /* FrostedQuoteComponent.mm */ = {isa = PBXFileReference; fileEncoding = 4; lastKnownFileType = sourcecode.cpp.objcpp; path = FrostedQuoteComponent.mm; sourceTree = "<group>"; };
		B34FB95F1ABE8BA300D2D896 /* InteractiveQuoteComponent.h */ = {isa = PBXFileReference; fileEncoding = 4; lastKnownFileType = sourcecode.c.h; path = InteractiveQuoteComponent.h; sourceTree = "<group>"; };
		B34FB9601ABE8BA300D2D896 /* InteractiveQuoteComponent.mm */ = {isa = PBXFileReference; fileEncoding = 4; lastKnownFileType = sourcecode.cpp.objcpp; path = InteractiveQuoteComponent.mm; sourceTree = "<group>"; };
		B34FB9611ABE8BA300D2D896 /* MonochromeQuoteComponent.h */ = {isa = PBXFileReference; fileEncoding = 4; lastKnownFileType = sourcecode.c.h; path = MonochromeQuoteComponent.h; sourceTree = "<group>"; };
		B34FB9621ABE8BA300D2D896 /* MonochromeQuoteComponent.mm */ = {isa = PBXFileReference; fileEncoding = 4; lastKnownFileType = sourcecode.cpp.objcpp; path = MonochromeQuoteComponent.mm; sourceTree = "<group>"; };
		B34FB9631ABE8BA300D2D896 /* QuoteWithBackgroundComponent.h */ = {isa = PBXFileReference; fileEncoding = 4; lastKnownFileType = sourcecode.c.h; path = QuoteWithBackgroundComponent.h; sourceTree = "<group>"; };
		B34FB9641ABE8BA300D2D896 /* QuoteWithBackgroundComponent.mm */ = {isa = PBXFileReference; fileEncoding = 4; lastKnownFileType = sourcecode.cpp.objcpp; path = QuoteWithBackgroundComponent.mm; sourceTree = "<group>"; };
		B34FB9651ABE8BA300D2D896 /* SombreQuoteComponent.h */ = {isa = PBXFileReference; fileEncoding = 4; lastKnownFileType = sourcecode.c.h; path = SombreQuoteComponent.h; sourceTree = "<group>"; };
		B34FB9661ABE8BA300D2D896 /* SombreQuoteComponent.mm */ = {isa = PBXFileReference; fileEncoding = 4; lastKnownFileType = sourcecode.cpp.objcpp; path = SombreQuoteComponent.mm; sourceTree = "<group>"; };
		B34FB9671ABE8BA300D2D896 /* SuccessIndicatorComponent.h */ = {isa = PBXFileReference; fileEncoding = 4; lastKnownFileType = sourcecode.c.h; path = SuccessIndicatorComponent.h; sourceTree = "<group>"; };
		B34FB9681ABE8BA300D2D896 /* SuccessIndicatorComponent.mm */ = {isa = PBXFileReference; fileEncoding = 4; lastKnownFileType = sourcecode.cpp.objcpp; path = SuccessIndicatorComponent.mm; sourceTree = "<group>"; };
		B34FB9691ABE8BA300D2D896 /* WarmQuoteComponent.h */ = {isa = PBXFileReference; fileEncoding = 4; lastKnownFileType = sourcecode.c.h; path = WarmQuoteComponent.h; sourceTree = "<group>"; };
		B34FB96A1ABE8BA300D2D896 /* WarmQuoteComponent.mm */ = {isa = PBXFileReference; fileEncoding = 4; lastKnownFileType = sourcecode.cpp.objcpp; path = WarmQuoteComponent.mm; sourceTree = "<group>"; };
		B34FB96B1ABE8BA300D2D896 /* Quote.h */ = {isa = PBXFileReference; fileEncoding = 4; lastKnownFileType = sourcecode.c.h; path = Quote.h; sourceTree = "<group>"; };
		B34FB96C1ABE8BA300D2D896 /* Quote.m */ = {isa = PBXFileReference; fileEncoding = 4; lastKnownFileType = sourcecode.c.objc; path = Quote.m; sourceTree = "<group>"; };
		B34FB96D1ABE8BA300D2D896 /* QuoteContext.h */ = {isa = PBXFileReference; fileEncoding = 4; lastKnownFileType = sourcecode.c.h; path = QuoteContext.h; sourceTree = "<group>"; };
		B34FB96E1ABE8BA300D2D896 /* QuoteContext.mm */ = {isa = PBXFileReference; fileEncoding = 4; lastKnownFileType = sourcecode.cpp.objcpp; path = QuoteContext.mm; sourceTree = "<group>"; };
		B34FB96F1ABE8BA300D2D896 /* QuoteDisplayStyle.h */ = {isa = PBXFileReference; fileEncoding = 4; lastKnownFileType = sourcecode.c.h; path = QuoteDisplayStyle.h; sourceTree = "<group>"; };
		B34FB9701ABE8BA300D2D896 /* QuoteModelController.h */ = {isa = PBXFileReference; fileEncoding = 4; lastKnownFileType = sourcecode.c.h; path = QuoteModelController.h; sourceTree = "<group>"; };
		B34FB9711ABE8BA300D2D896 /* QuoteModelController.mm */ = {isa = PBXFileReference; fileEncoding = 4; lastKnownFileType = sourcecode.cpp.objcpp; path = QuoteModelController.mm; sourceTree = "<group>"; };
		B34FB9721ABE8BA300D2D896 /* QuotesPage.h */ = {isa = PBXFileReference; fileEncoding = 4; lastKnownFileType = sourcecode.c.h; path = QuotesPage.h; sourceTree = "<group>"; };
		B34FB9731ABE8BA300D2D896 /* QuotesPage.m */ = {isa = PBXFileReference; fileEncoding = 4; lastKnownFileType = sourcecode.c.objc; path = QuotesPage.m; sourceTree = "<group>"; };
		B34FB9741ABE8BA300D2D896 /* WildeGuessCollectionViewController.h */ = {isa = PBXFileReference; fileEncoding = 4; lastKnownFileType = sourcecode.c.h; path = WildeGuessCollectionViewController.h; sourceTree = "<group>"; };
		B34FB9751ABE8BA300D2D896 /* WildeGuessCollectionViewController.mm */ = {isa = PBXFileReference; fileEncoding = 4; lastKnownFileType = sourcecode.cpp.objcpp; path = WildeGuessCollectionViewController.mm; sourceTree = "<group>"; };
		B34FB9831ABE8BB000D2D896 /* main.m */ = {isa = PBXFileReference; fileEncoding = 4; lastKnownFileType = sourcecode.c.objc; name = main.m; path = SupportingFiles/main.m; sourceTree = "<group>"; };
		B3E848C01ABE848900377D52 /* WildeGuess.app */ = {isa = PBXFileReference; explicitFileType = wrapper.application; includeInIndex = 0; path = WildeGuess.app; sourceTree = BUILT_PRODUCTS_DIR; };
		B3E848C41ABE848900377D52 /* WildeGuess-Info.plist */ = {isa = PBXFileReference; lastKnownFileType = text.plist; path = "WildeGuess-Info.plist"; sourceTree = "<group>"; };
		B3E848D01ABE848900377D52 /* Images.xcassets */ = {isa = PBXFileReference; lastKnownFileType = folder.assetcatalog; path = Images.xcassets; sourceTree = "<group>"; };
		D0B47DC41CBDAFFF00BB33CE /* ComponentKit.xcodeproj */ = {isa = PBXFileReference; lastKnownFileType = "wrapper.pb-project"; name = ComponentKit.xcodeproj; path = ../../ComponentKit.xcodeproj; sourceTree = SOURCE_ROOT; };
		D44CF6AA23E1D0E40056039B /* WildeGuess-Bridging-Header.h */ = {isa = PBXFileReference; lastKnownFileType = sourcecode.c.h; path = "WildeGuess-Bridging-Header.h"; sourceTree = "<group>"; };
		D44CF6AB23E1D0E50056039B /* Swift.swift */ = {isa = PBXFileReference; lastKnownFileType = sourcecode.swift; path = Swift.swift; sourceTree = "<group>"; };
/* End PBXFileReference section */

/* Begin PBXFrameworksBuildPhase section */
		B3E848BD1ABE848900377D52 /* Frameworks */ = {
			isa = PBXFrameworksBuildPhase;
			buildActionMask = 2147483647;
			files = (
				D43188C123E209BE0024AA12 /* ComponentKit.framework in Frameworks */,
				D4BC57BC23E384050075D688 /* CKSwift.framework in Frameworks */,
				D43188C423E209C40024AA12 /* RenderCore.framework in Frameworks */,
			);
			runOnlyForDeploymentPostprocessing = 0;
		};
/* End PBXFrameworksBuildPhase section */

/* Begin PBXGroup section */
		786CB3B26539B7FAEBFAF12A /* Frameworks */ = {
			isa = PBXGroup;
			children = (
				D0B47DC41CBDAFFF00BB33CE /* ComponentKit.xcodeproj */,
			);
			name = Frameworks;
			sourceTree = "<group>";
		};
		B34FB95C1ABE8BA300D2D896 /* Components */ = {
			isa = PBXGroup;
			children = (
				B34FB95D1ABE8BA300D2D896 /* FrostedQuoteComponent.h */,
				B34FB95E1ABE8BA300D2D896 /* FrostedQuoteComponent.mm */,
				B34FB95F1ABE8BA300D2D896 /* InteractiveQuoteComponent.h */,
				B34FB9601ABE8BA300D2D896 /* InteractiveQuoteComponent.mm */,
				B34FB9611ABE8BA300D2D896 /* MonochromeQuoteComponent.h */,
				B34FB9621ABE8BA300D2D896 /* MonochromeQuoteComponent.mm */,
				B34FB9631ABE8BA300D2D896 /* QuoteWithBackgroundComponent.h */,
				B34FB9641ABE8BA300D2D896 /* QuoteWithBackgroundComponent.mm */,
				B34FB9651ABE8BA300D2D896 /* SombreQuoteComponent.h */,
				B34FB9661ABE8BA300D2D896 /* SombreQuoteComponent.mm */,
				B34FB9671ABE8BA300D2D896 /* SuccessIndicatorComponent.h */,
				B34FB9681ABE8BA300D2D896 /* SuccessIndicatorComponent.mm */,
				B34FB9691ABE8BA300D2D896 /* WarmQuoteComponent.h */,
				B34FB96A1ABE8BA300D2D896 /* WarmQuoteComponent.mm */,
				A2BC94DA1AC235A60043B82F /* QuoteComponent.h */,
				A2BC94DB1AC235A60043B82F /* QuoteComponent.mm */,
			);
			path = Components;
			sourceTree = "<group>";
		};
		B3E848B71ABE848900377D52 = {
			isa = PBXGroup;
			children = (
				B3E848C21ABE848900377D52 /* WildeGuess */,
				786CB3B26539B7FAEBFAF12A /* Frameworks */,
				B3E848C11ABE848900377D52 /* Products */,
			);
			sourceTree = "<group>";
		};
		B3E848C11ABE848900377D52 /* Products */ = {
			isa = PBXGroup;
			children = (
				B3E848C01ABE848900377D52 /* WildeGuess.app */,
			);
			name = Products;
			sourceTree = "<group>";
		};
		B3E848C21ABE848900377D52 /* WildeGuess */ = {
			isa = PBXGroup;
			children = (
				B34FB95C1ABE8BA300D2D896 /* Components */,
				B34FB95A1ABE8BA300D2D896 /* AppDelegate.h */,
				B34FB95B1ABE8BA300D2D896 /* AppDelegate.m */,
				B34FB96B1ABE8BA300D2D896 /* Quote.h */,
				B34FB96C1ABE8BA300D2D896 /* Quote.m */,
				D44CF6AB23E1D0E50056039B /* Swift.swift */,
				B34FB96D1ABE8BA300D2D896 /* QuoteContext.h */,
				B34FB96E1ABE8BA300D2D896 /* QuoteContext.mm */,
				B34FB96F1ABE8BA300D2D896 /* QuoteDisplayStyle.h */,
				B34FB9701ABE8BA300D2D896 /* QuoteModelController.h */,
				B34FB9711ABE8BA300D2D896 /* QuoteModelController.mm */,
				B34FB9721ABE8BA300D2D896 /* QuotesPage.h */,
				B34FB9731ABE8BA300D2D896 /* QuotesPage.m */,
				B34FB9741ABE8BA300D2D896 /* WildeGuessCollectionViewController.h */,
				B34FB9751ABE8BA300D2D896 /* WildeGuessCollectionViewController.mm */,
				B3E848D01ABE848900377D52 /* Images.xcassets */,
				B3E848C31ABE848900377D52 /* Supporting Files */,
				D44CF6AA23E1D0E40056039B /* WildeGuess-Bridging-Header.h */,
			);
			path = WildeGuess;
			sourceTree = "<group>";
		};
		B3E848C31ABE848900377D52 /* Supporting Files */ = {
			isa = PBXGroup;
			children = (
				B34FB9831ABE8BB000D2D896 /* main.m */,
				B3E848C41ABE848900377D52 /* WildeGuess-Info.plist */,
			);
			name = "Supporting Files";
			sourceTree = "<group>";
		};
		D09326641CC4647700CFEBC4 /* Products */ = {
			isa = PBXGroup;
			children = (
				D093266D1CC4647700CFEBC4 /* ComponentKit.framework */,
				D09326771CC4647700CFEBC4 /* libComponentKitTestHelpers.a */,
				D44CF6A323E1CFFA0056039B /* ComponentKitPerfTests.xctest */,
				D09326711CC4647700CFEBC4 /* ComponentKitTests.xctest */,
				D09326731CC4647700CFEBC4 /* ComponentKitApplicationTests.xctest */,
				D09326751CC4647700CFEBC4 /* ComponentTextKitApplicationTests.xctest */,
				D093266F1CC4647700CFEBC4 /* ComponentKitApplicationsTestsHost.app */,
				40953BEC22AA2A54006A8511 /* ComponentKit.framework */,
				40953BEE22AA2A54006A8511 /* libComponentKitTestHelpers.a */,
				40953BF022AA2A54006A8511 /* ComponentKitTestsAppleTV.xctest */,
				D43187DE23E2011C0024AA12 /* RenderCore.framework */,
				D43187DC23E2011C0024AA12 /* RenderCore.framework */,
				D4BC57B923E384050075D688 /* CKSwift.framework */,
				D4BC57BB23E384050075D688 /* CKSwiftTests.xctest */,
			);
			name = Products;
			sourceTree = "<group>";
		};
/* End PBXGroup section */

/* Begin PBXNativeTarget section */
		B3E848BF1ABE848900377D52 /* WildeGuess */ = {
			isa = PBXNativeTarget;
			buildConfigurationList = B3E848E31ABE848900377D52 /* Build configuration list for PBXNativeTarget "WildeGuess" */;
			buildPhases = (
				B3E848BC1ABE848900377D52 /* Sources */,
				B3E848BD1ABE848900377D52 /* Frameworks */,
				B3E848BE1ABE848900377D52 /* Resources */,
				D43188C323E209BF0024AA12 /* Embed Frameworks */,
			);
			buildRules = (
			);
			dependencies = (
			);
			name = WildeGuess;
			productName = WildeGuess;
			productReference = B3E848C01ABE848900377D52 /* WildeGuess.app */;
			productType = "com.apple.product-type.application";
		};
/* End PBXNativeTarget section */

/* Begin PBXProject section */
		B3E848B81ABE848900377D52 /* Project object */ = {
			isa = PBXProject;
			attributes = {
				LastUpgradeCheck = 0730;
				TargetAttributes = {
					B3E848BF1ABE848900377D52 = {
						CreatedOnToolsVersion = 6.1;
						LastSwiftMigration = 1130;
					};
				};
			};
			buildConfigurationList = B3E848BB1ABE848900377D52 /* Build configuration list for PBXProject "WildeGuess" */;
			compatibilityVersion = "Xcode 3.2";
			developmentRegion = English;
			hasScannedForEncodings = 0;
			knownRegions = (
				English,
				en,
				Base,
			);
			mainGroup = B3E848B71ABE848900377D52;
			productRefGroup = B3E848C11ABE848900377D52 /* Products */;
			projectDirPath = "";
			projectReferences = (
				{
					ProductGroup = D09326641CC4647700CFEBC4 /* Products */;
					ProjectRef = D0B47DC41CBDAFFF00BB33CE /* ComponentKit.xcodeproj */;
				},
			);
			projectRoot = "";
			targets = (
				B3E848BF1ABE848900377D52 /* WildeGuess */,
			);
		};
/* End PBXProject section */

/* Begin PBXReferenceProxy section */
		40953BEC22AA2A54006A8511 /* ComponentKit.framework */ = {
			isa = PBXReferenceProxy;
			fileType = wrapper.framework;
			path = ComponentKit.framework;
			remoteRef = 40953BEB22AA2A54006A8511 /* PBXContainerItemProxy */;
			sourceTree = BUILT_PRODUCTS_DIR;
		};
		40953BEE22AA2A54006A8511 /* libComponentKitTestHelpers.a */ = {
			isa = PBXReferenceProxy;
			fileType = archive.ar;
			path = libComponentKitTestHelpers.a;
			remoteRef = 40953BED22AA2A54006A8511 /* PBXContainerItemProxy */;
			sourceTree = BUILT_PRODUCTS_DIR;
		};
		40953BF022AA2A54006A8511 /* ComponentKitTestsAppleTV.xctest */ = {
			isa = PBXReferenceProxy;
			fileType = wrapper.cfbundle;
			path = ComponentKitTestsAppleTV.xctest;
			remoteRef = 40953BEF22AA2A54006A8511 /* PBXContainerItemProxy */;
			sourceTree = BUILT_PRODUCTS_DIR;
		};
		D093266D1CC4647700CFEBC4 /* ComponentKit.framework */ = {
			isa = PBXReferenceProxy;
			fileType = wrapper.framework;
			path = ComponentKit.framework;
			remoteRef = D093266C1CC4647700CFEBC4 /* PBXContainerItemProxy */;
			sourceTree = BUILT_PRODUCTS_DIR;
		};
		D093266F1CC4647700CFEBC4 /* ComponentKitApplicationsTestsHost.app */ = {
			isa = PBXReferenceProxy;
			fileType = wrapper.application;
			path = ComponentKitApplicationsTestsHost.app;
			remoteRef = D093266E1CC4647700CFEBC4 /* PBXContainerItemProxy */;
			sourceTree = BUILT_PRODUCTS_DIR;
		};
		D09326711CC4647700CFEBC4 /* ComponentKitTests.xctest */ = {
			isa = PBXReferenceProxy;
			fileType = wrapper.cfbundle;
			path = ComponentKitTests.xctest;
			remoteRef = D09326701CC4647700CFEBC4 /* PBXContainerItemProxy */;
			sourceTree = BUILT_PRODUCTS_DIR;
		};
		D09326731CC4647700CFEBC4 /* ComponentKitApplicationTests.xctest */ = {
			isa = PBXReferenceProxy;
			fileType = wrapper.cfbundle;
			path = ComponentKitApplicationTests.xctest;
			remoteRef = D09326721CC4647700CFEBC4 /* PBXContainerItemProxy */;
			sourceTree = BUILT_PRODUCTS_DIR;
		};
		D09326751CC4647700CFEBC4 /* ComponentTextKitApplicationTests.xctest */ = {
			isa = PBXReferenceProxy;
			fileType = wrapper.cfbundle;
			path = ComponentTextKitApplicationTests.xctest;
			remoteRef = D09326741CC4647700CFEBC4 /* PBXContainerItemProxy */;
			sourceTree = BUILT_PRODUCTS_DIR;
		};
		D09326771CC4647700CFEBC4 /* libComponentKitTestHelpers.a */ = {
			isa = PBXReferenceProxy;
			fileType = archive.ar;
			path = libComponentKitTestHelpers.a;
			remoteRef = D09326761CC4647700CFEBC4 /* PBXContainerItemProxy */;
			sourceTree = BUILT_PRODUCTS_DIR;
		};
		D43187DC23E2011C0024AA12 /* RenderCore.framework */ = {
			isa = PBXReferenceProxy;
			fileType = wrapper.framework;
			path = RenderCore.framework;
			remoteRef = D43187DB23E2011C0024AA12 /* PBXContainerItemProxy */;
			sourceTree = BUILT_PRODUCTS_DIR;
		};
		D43187DE23E2011C0024AA12 /* RenderCore.framework */ = {
			isa = PBXReferenceProxy;
			fileType = wrapper.framework;
			path = RenderCore.framework;
			remoteRef = D43187DD23E2011C0024AA12 /* PBXContainerItemProxy */;
			sourceTree = BUILT_PRODUCTS_DIR;
		};
		D44CF6A323E1CFFA0056039B /* ComponentKitPerfTests.xctest */ = {
			isa = PBXReferenceProxy;
			fileType = wrapper.cfbundle;
			path = ComponentKitPerfTests.xctest;
			remoteRef = D44CF6A223E1CFFA0056039B /* PBXContainerItemProxy */;
			sourceTree = BUILT_PRODUCTS_DIR;
		};
		D4BC57B923E384050075D688 /* CKSwift.framework */ = {
			isa = PBXReferenceProxy;
			fileType = wrapper.framework;
			path = CKSwift.framework;
			remoteRef = D4BC57B823E384050075D688 /* PBXContainerItemProxy */;
			sourceTree = BUILT_PRODUCTS_DIR;
		};
		D4BC57BB23E384050075D688 /* CKSwiftTests.xctest */ = {
			isa = PBXReferenceProxy;
			fileType = wrapper.cfbundle;
			path = CKSwiftTests.xctest;
			remoteRef = D4BC57BA23E384050075D688 /* PBXContainerItemProxy */;
			sourceTree = BUILT_PRODUCTS_DIR;
		};
/* End PBXReferenceProxy section */

/* Begin PBXResourcesBuildPhase section */
		B3E848BE1ABE848900377D52 /* Resources */ = {
			isa = PBXResourcesBuildPhase;
			buildActionMask = 2147483647;
			files = (
				B3E848D11ABE848900377D52 /* Images.xcassets in Resources */,
			);
			runOnlyForDeploymentPostprocessing = 0;
		};
/* End PBXResourcesBuildPhase section */

/* Begin PBXSourcesBuildPhase section */
		B3E848BC1ABE848900377D52 /* Sources */ = {
			isa = PBXSourcesBuildPhase;
			buildActionMask = 2147483647;
			files = (
				B34FB97F1ABE8BA300D2D896 /* QuoteContext.mm in Sources */,
				B34FB9811ABE8BA300D2D896 /* QuotesPage.m in Sources */,
				B34FB97E1ABE8BA300D2D896 /* Quote.m in Sources */,
				D44CF6AC23E1D0E50056039B /* Swift.swift in Sources */,
				A2BC94DC1AC235A60043B82F /* QuoteComponent.mm in Sources */,
				B34FB9801ABE8BA300D2D896 /* QuoteModelController.mm in Sources */,
				B34FB9821ABE8BA300D2D896 /* WildeGuessCollectionViewController.mm in Sources */,
				B34FB97B1ABE8BA300D2D896 /* SombreQuoteComponent.mm in Sources */,
				B34FB97C1ABE8BA300D2D896 /* SuccessIndicatorComponent.mm in Sources */,
				B34FB9771ABE8BA300D2D896 /* FrostedQuoteComponent.mm in Sources */,
				B34FB97A1ABE8BA300D2D896 /* QuoteWithBackgroundComponent.mm in Sources */,
				B34FB9781ABE8BA300D2D896 /* InteractiveQuoteComponent.mm in Sources */,
				B34FB97D1ABE8BA300D2D896 /* WarmQuoteComponent.mm in Sources */,
				B34FB9761ABE8BA300D2D896 /* AppDelegate.m in Sources */,
				B34FB9841ABE8BB000D2D896 /* main.m in Sources */,
				B34FB9791ABE8BA300D2D896 /* MonochromeQuoteComponent.mm in Sources */,
			);
			runOnlyForDeploymentPostprocessing = 0;
		};
/* End PBXSourcesBuildPhase section */

/* Begin XCBuildConfiguration section */
		B3E848E11ABE848900377D52 /* Debug */ = {
			isa = XCBuildConfiguration;
			buildSettings = {
				ALWAYS_SEARCH_USER_PATHS = NO;
				CLANG_CXX_LANGUAGE_STANDARD = "gnu++0x";
				CLANG_CXX_LIBRARY = "libc++";
				CLANG_ENABLE_MODULES = YES;
				CLANG_ENABLE_OBJC_ARC = YES;
				CLANG_WARN_BOOL_CONVERSION = YES;
				CLANG_WARN_CONSTANT_CONVERSION = YES;
				CLANG_WARN_DIRECT_OBJC_ISA_USAGE = YES_ERROR;
				CLANG_WARN_EMPTY_BODY = YES;
				CLANG_WARN_ENUM_CONVERSION = YES;
				CLANG_WARN_INT_CONVERSION = YES;
				CLANG_WARN_OBJC_ROOT_CLASS = YES_ERROR;
				CLANG_WARN_UNREACHABLE_CODE = YES;
				CLANG_WARN__DUPLICATE_METHOD_MATCH = YES;
				"CODE_SIGN_IDENTITY[sdk=iphoneos*]" = "iPhone Developer";
				COPY_PHASE_STRIP = NO;
				ENABLE_STRICT_OBJC_MSGSEND = YES;
				GCC_C_LANGUAGE_STANDARD = gnu99;
				GCC_DYNAMIC_NO_PIC = NO;
				GCC_OPTIMIZATION_LEVEL = 0;
				GCC_PREPROCESSOR_DEFINITIONS = (
					"DEBUG=1",
					"$(inherited)",
				);
				GCC_SYMBOLS_PRIVATE_EXTERN = NO;
				GCC_WARN_64_TO_32_BIT_CONVERSION = YES;
				GCC_WARN_ABOUT_RETURN_TYPE = YES_ERROR;
				GCC_WARN_UNDECLARED_SELECTOR = YES;
				GCC_WARN_UNINITIALIZED_AUTOS = YES_AGGRESSIVE;
				GCC_WARN_UNUSED_FUNCTION = YES;
				GCC_WARN_UNUSED_VARIABLE = YES;
				IPHONEOS_DEPLOYMENT_TARGET = 8.1;
				MTL_ENABLE_DEBUG_INFO = YES;
				ONLY_ACTIVE_ARCH = YES;
				SDKROOT = iphoneos;
			};
			name = Debug;
		};
		B3E848E21ABE848900377D52 /* Release */ = {
			isa = XCBuildConfiguration;
			buildSettings = {
				ALWAYS_SEARCH_USER_PATHS = NO;
				CLANG_CXX_LANGUAGE_STANDARD = "gnu++0x";
				CLANG_CXX_LIBRARY = "libc++";
				CLANG_ENABLE_MODULES = YES;
				CLANG_ENABLE_OBJC_ARC = YES;
				CLANG_WARN_BOOL_CONVERSION = YES;
				CLANG_WARN_CONSTANT_CONVERSION = YES;
				CLANG_WARN_DIRECT_OBJC_ISA_USAGE = YES_ERROR;
				CLANG_WARN_EMPTY_BODY = YES;
				CLANG_WARN_ENUM_CONVERSION = YES;
				CLANG_WARN_INT_CONVERSION = YES;
				CLANG_WARN_OBJC_ROOT_CLASS = YES_ERROR;
				CLANG_WARN_UNREACHABLE_CODE = YES;
				CLANG_WARN__DUPLICATE_METHOD_MATCH = YES;
				"CODE_SIGN_IDENTITY[sdk=iphoneos*]" = "iPhone Developer";
				COPY_PHASE_STRIP = YES;
				ENABLE_NS_ASSERTIONS = NO;
				ENABLE_STRICT_OBJC_MSGSEND = YES;
				GCC_C_LANGUAGE_STANDARD = gnu99;
				GCC_WARN_64_TO_32_BIT_CONVERSION = YES;
				GCC_WARN_ABOUT_RETURN_TYPE = YES_ERROR;
				GCC_WARN_UNDECLARED_SELECTOR = YES;
				GCC_WARN_UNINITIALIZED_AUTOS = YES_AGGRESSIVE;
				GCC_WARN_UNUSED_FUNCTION = YES;
				GCC_WARN_UNUSED_VARIABLE = YES;
				IPHONEOS_DEPLOYMENT_TARGET = 8.1;
				MTL_ENABLE_DEBUG_INFO = NO;
				SDKROOT = iphoneos;
				VALIDATE_PRODUCT = YES;
			};
			name = Release;
		};
		B3E848E41ABE848900377D52 /* Debug */ = {
			isa = XCBuildConfiguration;
			buildSettings = {
				ASSETCATALOG_COMPILER_APPICON_NAME = "";
				CLANG_CXX_LANGUAGE_STANDARD = "gnu++14";
				CLANG_ENABLE_MODULES = YES;
				INFOPLIST_FILE = "WildeGuess/WildeGuess-Info.plist";
				LD_RUNPATH_SEARCH_PATHS = "$(inherited) @executable_path/Frameworks";
				PRODUCT_NAME = "$(TARGET_NAME)";
				SWIFT_OBJC_BRIDGING_HEADER = "WildeGuess/WildeGuess-Bridging-Header.h";
				SWIFT_OPTIMIZATION_LEVEL = "-Onone";
				SWIFT_VERSION = 5.0;
			};
			name = Debug;
		};
		B3E848E51ABE848900377D52 /* Release */ = {
			isa = XCBuildConfiguration;
			buildSettings = {
				ASSETCATALOG_COMPILER_APPICON_NAME = "";
				CLANG_CXX_LANGUAGE_STANDARD = "gnu++14";
				CLANG_ENABLE_MODULES = YES;
				INFOPLIST_FILE = "WildeGuess/WildeGuess-Info.plist";
				LD_RUNPATH_SEARCH_PATHS = "$(inherited) @executable_path/Frameworks";
				PRODUCT_NAME = "$(TARGET_NAME)";
				SWIFT_OBJC_BRIDGING_HEADER = "WildeGuess/WildeGuess-Bridging-Header.h";
				SWIFT_VERSION = 5.0;
			};
			name = Release;
		};
/* End XCBuildConfiguration section */

/* Begin XCConfigurationList section */
		B3E848BB1ABE848900377D52 /* Build configuration list for PBXProject "WildeGuess" */ = {
			isa = XCConfigurationList;
			buildConfigurations = (
				B3E848E11ABE848900377D52 /* Debug */,
				B3E848E21ABE848900377D52 /* Release */,
			);
			defaultConfigurationIsVisible = 0;
			defaultConfigurationName = Release;
		};
		B3E848E31ABE848900377D52 /* Build configuration list for PBXNativeTarget "WildeGuess" */ = {
			isa = XCConfigurationList;
			buildConfigurations = (
				B3E848E41ABE848900377D52 /* Debug */,
				B3E848E51ABE848900377D52 /* Release */,
			);
			defaultConfigurationIsVisible = 0;
			defaultConfigurationName = Release;
		};
/* End XCConfigurationList section */
	};
	rootObject = B3E848B81ABE848900377D52 /* Project object */;
}
